// !$*UTF8*$!
{
	archiveVersion = 1;
	classes = {
	};
	objectVersion = 45;
	objects = {

/* Begin PBXBuildFile section */
		0C3F308E11EAEC39004497A4 /* im-0.png in Resources */ = {isa = PBXBuildFile; fileRef = 0C3F2FE511EAEC37004497A4 /* im-0.png */; };
		0C3F308F11EAEC39004497A4 /* im-1.png in Resources */ = {isa = PBXBuildFile; fileRef = 0C3F2FE611EAEC37004497A4 /* im-1.png */; };
		0C3F309011EAEC39004497A4 /* im-2.png in Resources */ = {isa = PBXBuildFile; fileRef = 0C3F2FE711EAEC37004497A4 /* im-2.png */; };
		0C3F309111EAEC39004497A4 /* im-3.png in Resources */ = {isa = PBXBuildFile; fileRef = 0C3F2FE811EAEC37004497A4 /* im-3.png */; };
		0C3F309211EAEC39004497A4 /* im-4.png in Resources */ = {isa = PBXBuildFile; fileRef = 0C3F2FE911EAEC37004497A4 /* im-4.png */; };
		0C3F309311EAEC39004497A4 /* im-5.png in Resources */ = {isa = PBXBuildFile; fileRef = 0C3F2FEA11EAEC37004497A4 /* im-5.png */; };
		0C3F309411EAEC39004497A4 /* im-6.png in Resources */ = {isa = PBXBuildFile; fileRef = 0C3F2FEB11EAEC37004497A4 /* im-6.png */; };
		0C3F309511EAEC39004497A4 /* im-7.png in Resources */ = {isa = PBXBuildFile; fileRef = 0C3F2FEC11EAEC37004497A4 /* im-7.png */; };
		0C3F309611EAEC39004497A4 /* im-8.png in Resources */ = {isa = PBXBuildFile; fileRef = 0C3F2FED11EAEC37004497A4 /* im-8.png */; };
		0C3F309711EAEC39004497A4 /* im-9.png in Resources */ = {isa = PBXBuildFile; fileRef = 0C3F2FEE11EAEC37004497A4 /* im-9.png */; };
		0C3F309811EAEC39004497A4 /* im-10.png in Resources */ = {isa = PBXBuildFile; fileRef = 0C3F2FEF11EAEC37004497A4 /* im-10.png */; };
		0C3F309911EAEC39004497A4 /* im-11.png in Resources */ = {isa = PBXBuildFile; fileRef = 0C3F2FF011EAEC37004497A4 /* im-11.png */; };
		0C3F309A11EAEC39004497A4 /* im-12.png in Resources */ = {isa = PBXBuildFile; fileRef = 0C3F2FF111EAEC37004497A4 /* im-12.png */; };
		0C3F309B11EAEC39004497A4 /* im-13.png in Resources */ = {isa = PBXBuildFile; fileRef = 0C3F2FF211EAEC37004497A4 /* im-13.png */; };
		0C3F309C11EAEC39004497A4 /* im-14.png in Resources */ = {isa = PBXBuildFile; fileRef = 0C3F2FF311EAEC37004497A4 /* im-14.png */; };
		0C3F309D11EAEC39004497A4 /* im-15.png in Resources */ = {isa = PBXBuildFile; fileRef = 0C3F2FF411EAEC37004497A4 /* im-15.png */; };
		0C3F309E11EAEC39004497A4 /* im-16.png in Resources */ = {isa = PBXBuildFile; fileRef = 0C3F2FF511EAEC37004497A4 /* im-16.png */; };
		0C3F309F11EAEC39004497A4 /* im-17.png in Resources */ = {isa = PBXBuildFile; fileRef = 0C3F2FF611EAEC37004497A4 /* im-17.png */; };
		0C3F30A011EAEC39004497A4 /* im-18.png in Resources */ = {isa = PBXBuildFile; fileRef = 0C3F2FF711EAEC37004497A4 /* im-18.png */; };
		0C3F30A111EAEC39004497A4 /* im-19.png in Resources */ = {isa = PBXBuildFile; fileRef = 0C3F2FF811EAEC37004497A4 /* im-19.png */; };
		0C3F30A211EAEC39004497A4 /* im-20.png in Resources */ = {isa = PBXBuildFile; fileRef = 0C3F2FF911EAEC37004497A4 /* im-20.png */; };
		0C3F30A311EAEC39004497A4 /* im-21.png in Resources */ = {isa = PBXBuildFile; fileRef = 0C3F2FFA11EAEC37004497A4 /* im-21.png */; };
		0C3F30A411EAEC39004497A4 /* im-22.png in Resources */ = {isa = PBXBuildFile; fileRef = 0C3F2FFB11EAEC37004497A4 /* im-22.png */; };
		0C3F30A511EAEC39004497A4 /* im-23.png in Resources */ = {isa = PBXBuildFile; fileRef = 0C3F2FFC11EAEC37004497A4 /* im-23.png */; };
		0C3F30A611EAEC39004497A4 /* im-24.png in Resources */ = {isa = PBXBuildFile; fileRef = 0C3F2FFD11EAEC37004497A4 /* im-24.png */; };
		0C3F30A711EAEC39004497A4 /* im-25.png in Resources */ = {isa = PBXBuildFile; fileRef = 0C3F2FFE11EAEC37004497A4 /* im-25.png */; };
		0C3F30A811EAEC39004497A4 /* im-26.png in Resources */ = {isa = PBXBuildFile; fileRef = 0C3F2FFF11EAEC37004497A4 /* im-26.png */; };
		0C3F30A911EAEC39004497A4 /* im-27.png in Resources */ = {isa = PBXBuildFile; fileRef = 0C3F300011EAEC37004497A4 /* im-27.png */; };
		0C3F30AA11EAEC39004497A4 /* im-28.png in Resources */ = {isa = PBXBuildFile; fileRef = 0C3F300111EAEC37004497A4 /* im-28.png */; };
		0C3F30AB11EAEC39004497A4 /* im-29.png in Resources */ = {isa = PBXBuildFile; fileRef = 0C3F300211EAEC37004497A4 /* im-29.png */; };
		0C3F30AC11EAEC39004497A4 /* im-30.png in Resources */ = {isa = PBXBuildFile; fileRef = 0C3F300311EAEC37004497A4 /* im-30.png */; };
		0C3F30AD11EAEC39004497A4 /* im-31.png in Resources */ = {isa = PBXBuildFile; fileRef = 0C3F300411EAEC37004497A4 /* im-31.png */; };
		0C3F30AE11EAEC39004497A4 /* im-32.png in Resources */ = {isa = PBXBuildFile; fileRef = 0C3F300511EAEC37004497A4 /* im-32.png */; };
		0C3F30AF11EAEC39004497A4 /* im-33.png in Resources */ = {isa = PBXBuildFile; fileRef = 0C3F300611EAEC37004497A4 /* im-33.png */; };
		0C3F30B011EAEC39004497A4 /* im-34.png in Resources */ = {isa = PBXBuildFile; fileRef = 0C3F300711EAEC37004497A4 /* im-34.png */; };
		0C3F30B111EAEC39004497A4 /* im-35.png in Resources */ = {isa = PBXBuildFile; fileRef = 0C3F300811EAEC37004497A4 /* im-35.png */; };
		0C3F30B211EAEC39004497A4 /* im-36.png in Resources */ = {isa = PBXBuildFile; fileRef = 0C3F300911EAEC37004497A4 /* im-36.png */; };
		0C3F30B311EAEC39004497A4 /* im-37.png in Resources */ = {isa = PBXBuildFile; fileRef = 0C3F300A11EAEC37004497A4 /* im-37.png */; };
		0C3F30B411EAEC39004497A4 /* im-38.png in Resources */ = {isa = PBXBuildFile; fileRef = 0C3F300B11EAEC37004497A4 /* im-38.png */; };
		0C3F30B511EAEC39004497A4 /* im-39.png in Resources */ = {isa = PBXBuildFile; fileRef = 0C3F300C11EAEC37004497A4 /* im-39.png */; };
		0C3F30B611EAEC39004497A4 /* im-40.png in Resources */ = {isa = PBXBuildFile; fileRef = 0C3F300D11EAEC37004497A4 /* im-40.png */; };
		0C3F30B711EAEC39004497A4 /* im-41.png in Resources */ = {isa = PBXBuildFile; fileRef = 0C3F300E11EAEC37004497A4 /* im-41.png */; };
		0C3F30B811EAEC39004497A4 /* im-42.png in Resources */ = {isa = PBXBuildFile; fileRef = 0C3F300F11EAEC37004497A4 /* im-42.png */; };
		0C3F30B911EAEC39004497A4 /* im-43.png in Resources */ = {isa = PBXBuildFile; fileRef = 0C3F301011EAEC37004497A4 /* im-43.png */; };
		0C3F30BA11EAEC39004497A4 /* im-44.png in Resources */ = {isa = PBXBuildFile; fileRef = 0C3F301111EAEC37004497A4 /* im-44.png */; };
		0C3F30BB11EAEC39004497A4 /* im-45.png in Resources */ = {isa = PBXBuildFile; fileRef = 0C3F301211EAEC37004497A4 /* im-45.png */; };
		0C3F30BC11EAEC39004497A4 /* im-46.png in Resources */ = {isa = PBXBuildFile; fileRef = 0C3F301311EAEC37004497A4 /* im-46.png */; };
		0C3F30BD11EAEC39004497A4 /* im-47.png in Resources */ = {isa = PBXBuildFile; fileRef = 0C3F301411EAEC37004497A4 /* im-47.png */; };
		0C3F30BE11EAEC39004497A4 /* im-48.png in Resources */ = {isa = PBXBuildFile; fileRef = 0C3F301511EAEC37004497A4 /* im-48.png */; };
		0C3F30BF11EAEC39004497A4 /* im-49.png in Resources */ = {isa = PBXBuildFile; fileRef = 0C3F301611EAEC37004497A4 /* im-49.png */; };
		0C3F30C011EAEC39004497A4 /* im-50.png in Resources */ = {isa = PBXBuildFile; fileRef = 0C3F301711EAEC37004497A4 /* im-50.png */; };
		0C3F30C111EAEC39004497A4 /* im-51.png in Resources */ = {isa = PBXBuildFile; fileRef = 0C3F301811EAEC37004497A4 /* im-51.png */; };
		0C3F30C211EAEC39004497A4 /* im-52.png in Resources */ = {isa = PBXBuildFile; fileRef = 0C3F301911EAEC37004497A4 /* im-52.png */; };
		0C3F30C311EAEC39004497A4 /* im-53.png in Resources */ = {isa = PBXBuildFile; fileRef = 0C3F301A11EAEC37004497A4 /* im-53.png */; };
		0C3F30C411EAEC39004497A4 /* im-54.png in Resources */ = {isa = PBXBuildFile; fileRef = 0C3F301B11EAEC37004497A4 /* im-54.png */; };
		0C3F30C511EAEC39004497A4 /* im-55.png in Resources */ = {isa = PBXBuildFile; fileRef = 0C3F301C11EAEC37004497A4 /* im-55.png */; };
		0C3F30C611EAEC39004497A4 /* im-56.png in Resources */ = {isa = PBXBuildFile; fileRef = 0C3F301D11EAEC37004497A4 /* im-56.png */; };
		0C3F30C711EAEC39004497A4 /* im-57.png in Resources */ = {isa = PBXBuildFile; fileRef = 0C3F301E11EAEC37004497A4 /* im-57.png */; };
		0C3F30C811EAEC39004497A4 /* im-58.png in Resources */ = {isa = PBXBuildFile; fileRef = 0C3F301F11EAEC37004497A4 /* im-58.png */; };
		0C3F30C911EAEC39004497A4 /* im-59.png in Resources */ = {isa = PBXBuildFile; fileRef = 0C3F302011EAEC37004497A4 /* im-59.png */; };
		0C3F30CA11EAEC39004497A4 /* im-60.png in Resources */ = {isa = PBXBuildFile; fileRef = 0C3F302111EAEC37004497A4 /* im-60.png */; };
		0C3F30CB11EAEC39004497A4 /* im-61.png in Resources */ = {isa = PBXBuildFile; fileRef = 0C3F302211EAEC37004497A4 /* im-61.png */; };
		0C3F30CC11EAEC39004497A4 /* im-62.png in Resources */ = {isa = PBXBuildFile; fileRef = 0C3F302311EAEC37004497A4 /* im-62.png */; };
		0C3F30CD11EAEC39004497A4 /* im-63.png in Resources */ = {isa = PBXBuildFile; fileRef = 0C3F302411EAEC37004497A4 /* im-63.png */; };
		0C3F30CE11EAEC39004497A4 /* im-64.png in Resources */ = {isa = PBXBuildFile; fileRef = 0C3F302511EAEC37004497A4 /* im-64.png */; };
		0C3F30CF11EAEC39004497A4 /* im-65.png in Resources */ = {isa = PBXBuildFile; fileRef = 0C3F302611EAEC37004497A4 /* im-65.png */; };
		0C3F30D011EAEC39004497A4 /* im-66.png in Resources */ = {isa = PBXBuildFile; fileRef = 0C3F302711EAEC37004497A4 /* im-66.png */; };
		0C3F30D111EAEC39004497A4 /* im-67.png in Resources */ = {isa = PBXBuildFile; fileRef = 0C3F302811EAEC37004497A4 /* im-67.png */; };
		0C3F30D211EAEC39004497A4 /* im-68.png in Resources */ = {isa = PBXBuildFile; fileRef = 0C3F302911EAEC37004497A4 /* im-68.png */; };
		0C3F30D311EAEC39004497A4 /* im-69.png in Resources */ = {isa = PBXBuildFile; fileRef = 0C3F302A11EAEC37004497A4 /* im-69.png */; };
		0C3F30D411EAEC39004497A4 /* im-70.png in Resources */ = {isa = PBXBuildFile; fileRef = 0C3F302B11EAEC37004497A4 /* im-70.png */; };
		0C3F30D511EAEC39004497A4 /* im-71.png in Resources */ = {isa = PBXBuildFile; fileRef = 0C3F302C11EAEC37004497A4 /* im-71.png */; };
		0C3F30D611EAEC39004497A4 /* im-72.png in Resources */ = {isa = PBXBuildFile; fileRef = 0C3F302D11EAEC37004497A4 /* im-72.png */; };
		0C3F30D711EAEC39004497A4 /* im-73.png in Resources */ = {isa = PBXBuildFile; fileRef = 0C3F302E11EAEC37004497A4 /* im-73.png */; };
		0C3F30D811EAEC39004497A4 /* im-74.png in Resources */ = {isa = PBXBuildFile; fileRef = 0C3F302F11EAEC37004497A4 /* im-74.png */; };
		0C3F30D911EAEC39004497A4 /* im-75.png in Resources */ = {isa = PBXBuildFile; fileRef = 0C3F303011EAEC37004497A4 /* im-75.png */; };
		0C3F30DA11EAEC39004497A4 /* im-76.png in Resources */ = {isa = PBXBuildFile; fileRef = 0C3F303111EAEC37004497A4 /* im-76.png */; };
		0C3F30DB11EAEC39004497A4 /* im-77.png in Resources */ = {isa = PBXBuildFile; fileRef = 0C3F303211EAEC37004497A4 /* im-77.png */; };
		0C3F30DC11EAEC39004497A4 /* im-78.png in Resources */ = {isa = PBXBuildFile; fileRef = 0C3F303311EAEC37004497A4 /* im-78.png */; };
		0C3F30DD11EAEC39004497A4 /* im-79.png in Resources */ = {isa = PBXBuildFile; fileRef = 0C3F303411EAEC37004497A4 /* im-79.png */; };
		0C3F30DE11EAEC39004497A4 /* im-80.png in Resources */ = {isa = PBXBuildFile; fileRef = 0C3F303511EAEC37004497A4 /* im-80.png */; };
		0C3F30DF11EAEC39004497A4 /* im-81.png in Resources */ = {isa = PBXBuildFile; fileRef = 0C3F303611EAEC37004497A4 /* im-81.png */; };
		0C3F30E011EAEC39004497A4 /* im-82.png in Resources */ = {isa = PBXBuildFile; fileRef = 0C3F303711EAEC37004497A4 /* im-82.png */; };
		0C3F30E111EAEC39004497A4 /* im-83.png in Resources */ = {isa = PBXBuildFile; fileRef = 0C3F303811EAEC37004497A4 /* im-83.png */; };
		0C3F30E211EAEC39004497A4 /* im-84.png in Resources */ = {isa = PBXBuildFile; fileRef = 0C3F303911EAEC37004497A4 /* im-84.png */; };
		0C3F30E311EAEC39004497A4 /* im-85.png in Resources */ = {isa = PBXBuildFile; fileRef = 0C3F303A11EAEC37004497A4 /* im-85.png */; };
		0C3F30E411EAEC39004497A4 /* im-86.png in Resources */ = {isa = PBXBuildFile; fileRef = 0C3F303B11EAEC37004497A4 /* im-86.png */; };
		0C3F30E511EAEC39004497A4 /* im-87.png in Resources */ = {isa = PBXBuildFile; fileRef = 0C3F303C11EAEC37004497A4 /* im-87.png */; };
		0C3F30E611EAEC39004497A4 /* im-88.png in Resources */ = {isa = PBXBuildFile; fileRef = 0C3F303D11EAEC37004497A4 /* im-88.png */; };
		0C3F30E711EAEC39004497A4 /* im-89.png in Resources */ = {isa = PBXBuildFile; fileRef = 0C3F303E11EAEC37004497A4 /* im-89.png */; };
		0C3F30E811EAEC39004497A4 /* im-90.png in Resources */ = {isa = PBXBuildFile; fileRef = 0C3F303F11EAEC37004497A4 /* im-90.png */; };
		0C3F30E911EAEC39004497A4 /* im-91.png in Resources */ = {isa = PBXBuildFile; fileRef = 0C3F304011EAEC37004497A4 /* im-91.png */; };
		0C3F30EA11EAEC39004497A4 /* im-92.png in Resources */ = {isa = PBXBuildFile; fileRef = 0C3F304111EAEC37004497A4 /* im-92.png */; };
		0C3F30EB11EAEC39004497A4 /* im-93.png in Resources */ = {isa = PBXBuildFile; fileRef = 0C3F304211EAEC37004497A4 /* im-93.png */; };
		0C3F30EC11EAEC39004497A4 /* im-94.png in Resources */ = {isa = PBXBuildFile; fileRef = 0C3F304311EAEC38004497A4 /* im-94.png */; };
		0C3F30ED11EAEC39004497A4 /* im-95.png in Resources */ = {isa = PBXBuildFile; fileRef = 0C3F304411EAEC38004497A4 /* im-95.png */; };
		0C3F30EE11EAEC39004497A4 /* im-96.png in Resources */ = {isa = PBXBuildFile; fileRef = 0C3F304511EAEC38004497A4 /* im-96.png */; };
		0C3F30EF11EAEC39004497A4 /* im-97.png in Resources */ = {isa = PBXBuildFile; fileRef = 0C3F304611EAEC38004497A4 /* im-97.png */; };
		0C3F30F011EAEC39004497A4 /* im-98.png in Resources */ = {isa = PBXBuildFile; fileRef = 0C3F304711EAEC38004497A4 /* im-98.png */; };
		0C3F30F111EAEC39004497A4 /* im-99.png in Resources */ = {isa = PBXBuildFile; fileRef = 0C3F304811EAEC38004497A4 /* im-99.png */; };
		0C3F30F211EAEC39004497A4 /* im-100.png in Resources */ = {isa = PBXBuildFile; fileRef = 0C3F304911EAEC38004497A4 /* im-100.png */; };
		0C3F30F311EAEC39004497A4 /* im-101.png in Resources */ = {isa = PBXBuildFile; fileRef = 0C3F304A11EAEC38004497A4 /* im-101.png */; };
		0C3F30F411EAEC39004497A4 /* im-102.png in Resources */ = {isa = PBXBuildFile; fileRef = 0C3F304B11EAEC38004497A4 /* im-102.png */; };
		0C3F30F511EAEC39004497A4 /* im-103.png in Resources */ = {isa = PBXBuildFile; fileRef = 0C3F304C11EAEC38004497A4 /* im-103.png */; };
		0C3F30F611EAEC39004497A4 /* im-104.png in Resources */ = {isa = PBXBuildFile; fileRef = 0C3F304D11EAEC38004497A4 /* im-104.png */; };
		0C3F30F711EAEC39004497A4 /* im-105.png in Resources */ = {isa = PBXBuildFile; fileRef = 0C3F304E11EAEC38004497A4 /* im-105.png */; };
		0C3F30F811EAEC39004497A4 /* im-106.png in Resources */ = {isa = PBXBuildFile; fileRef = 0C3F304F11EAEC38004497A4 /* im-106.png */; };
		0C3F30F911EAEC39004497A4 /* im-107.png in Resources */ = {isa = PBXBuildFile; fileRef = 0C3F305011EAEC38004497A4 /* im-107.png */; };
		0C3F30FA11EAEC39004497A4 /* im-108.png in Resources */ = {isa = PBXBuildFile; fileRef = 0C3F305111EAEC38004497A4 /* im-108.png */; };
		0C3F30FB11EAEC39004497A4 /* im-109.png in Resources */ = {isa = PBXBuildFile; fileRef = 0C3F305211EAEC38004497A4 /* im-109.png */; };
		0C3F30FC11EAEC39004497A4 /* im-110.png in Resources */ = {isa = PBXBuildFile; fileRef = 0C3F305311EAEC38004497A4 /* im-110.png */; };
		0C3F30FD11EAEC39004497A4 /* im-111.png in Resources */ = {isa = PBXBuildFile; fileRef = 0C3F305411EAEC38004497A4 /* im-111.png */; };
		0C3F30FE11EAEC39004497A4 /* im-112.png in Resources */ = {isa = PBXBuildFile; fileRef = 0C3F305511EAEC38004497A4 /* im-112.png */; };
		0C3F30FF11EAEC39004497A4 /* im-113.png in Resources */ = {isa = PBXBuildFile; fileRef = 0C3F305611EAEC38004497A4 /* im-113.png */; };
		0C3F310011EAEC39004497A4 /* im-114.png in Resources */ = {isa = PBXBuildFile; fileRef = 0C3F305711EAEC38004497A4 /* im-114.png */; };
		0C3F310111EAEC39004497A4 /* im-115.png in Resources */ = {isa = PBXBuildFile; fileRef = 0C3F305811EAEC38004497A4 /* im-115.png */; };
		0C3F310211EAEC39004497A4 /* im-116.png in Resources */ = {isa = PBXBuildFile; fileRef = 0C3F305911EAEC38004497A4 /* im-116.png */; };
		0C3F310311EAEC39004497A4 /* im-117.png in Resources */ = {isa = PBXBuildFile; fileRef = 0C3F305A11EAEC38004497A4 /* im-117.png */; };
		0C3F310411EAEC39004497A4 /* im-118.png in Resources */ = {isa = PBXBuildFile; fileRef = 0C3F305B11EAEC38004497A4 /* im-118.png */; };
		0C3F310511EAEC39004497A4 /* im-119.png in Resources */ = {isa = PBXBuildFile; fileRef = 0C3F305C11EAEC38004497A4 /* im-119.png */; };
		0C3F310611EAEC39004497A4 /* im-120.png in Resources */ = {isa = PBXBuildFile; fileRef = 0C3F305D11EAEC38004497A4 /* im-120.png */; };
		0C3F310711EAEC39004497A4 /* im-121.png in Resources */ = {isa = PBXBuildFile; fileRef = 0C3F305E11EAEC38004497A4 /* im-121.png */; };
		0C3F310811EAEC39004497A4 /* im-122.png in Resources */ = {isa = PBXBuildFile; fileRef = 0C3F305F11EAEC38004497A4 /* im-122.png */; };
		0C3F310911EAEC39004497A4 /* im-123.png in Resources */ = {isa = PBXBuildFile; fileRef = 0C3F306011EAEC38004497A4 /* im-123.png */; };
		0C3F310A11EAEC39004497A4 /* im-124.png in Resources */ = {isa = PBXBuildFile; fileRef = 0C3F306111EAEC38004497A4 /* im-124.png */; };
		0C3F310B11EAEC39004497A4 /* im-125.png in Resources */ = {isa = PBXBuildFile; fileRef = 0C3F306211EAEC38004497A4 /* im-125.png */; };
		0C3F310C11EAEC39004497A4 /* im-126.png in Resources */ = {isa = PBXBuildFile; fileRef = 0C3F306311EAEC38004497A4 /* im-126.png */; };
		0C3F310D11EAEC39004497A4 /* im-127.png in Resources */ = {isa = PBXBuildFile; fileRef = 0C3F306411EAEC38004497A4 /* im-127.png */; };
		0C3F310E11EAEC39004497A4 /* im-128.png in Resources */ = {isa = PBXBuildFile; fileRef = 0C3F306511EAEC38004497A4 /* im-128.png */; };
		0C3F310F11EAEC39004497A4 /* im-129.png in Resources */ = {isa = PBXBuildFile; fileRef = 0C3F306611EAEC38004497A4 /* im-129.png */; };
		0C3F311011EAEC39004497A4 /* im-130.png in Resources */ = {isa = PBXBuildFile; fileRef = 0C3F306711EAEC38004497A4 /* im-130.png */; };
		0C3F311111EAEC39004497A4 /* im-131.png in Resources */ = {isa = PBXBuildFile; fileRef = 0C3F306811EAEC38004497A4 /* im-131.png */; };
		0C3F311211EAEC39004497A4 /* im-132.png in Resources */ = {isa = PBXBuildFile; fileRef = 0C3F306911EAEC38004497A4 /* im-132.png */; };
		0C3F311311EAEC39004497A4 /* im-133.png in Resources */ = {isa = PBXBuildFile; fileRef = 0C3F306A11EAEC38004497A4 /* im-133.png */; };
		0C3F311411EAEC39004497A4 /* im-134.png in Resources */ = {isa = PBXBuildFile; fileRef = 0C3F306B11EAEC38004497A4 /* im-134.png */; };
		0C3F311511EAEC39004497A4 /* im-135.png in Resources */ = {isa = PBXBuildFile; fileRef = 0C3F306C11EAEC38004497A4 /* im-135.png */; };
		0C3F311611EAEC39004497A4 /* im-136.png in Resources */ = {isa = PBXBuildFile; fileRef = 0C3F306D11EAEC38004497A4 /* im-136.png */; };
		0C3F311711EAEC39004497A4 /* im-137.png in Resources */ = {isa = PBXBuildFile; fileRef = 0C3F306E11EAEC38004497A4 /* im-137.png */; };
		0C3F311811EAEC39004497A4 /* im-138.png in Resources */ = {isa = PBXBuildFile; fileRef = 0C3F306F11EAEC38004497A4 /* im-138.png */; };
		0C3F311911EAEC39004497A4 /* im-139.png in Resources */ = {isa = PBXBuildFile; fileRef = 0C3F307011EAEC38004497A4 /* im-139.png */; };
		0C3F311A11EAEC39004497A4 /* im-140.png in Resources */ = {isa = PBXBuildFile; fileRef = 0C3F307111EAEC38004497A4 /* im-140.png */; };
		0C3F311B11EAEC39004497A4 /* im-141.png in Resources */ = {isa = PBXBuildFile; fileRef = 0C3F307211EAEC38004497A4 /* im-141.png */; };
		0C3F311C11EAEC39004497A4 /* im-142.png in Resources */ = {isa = PBXBuildFile; fileRef = 0C3F307311EAEC38004497A4 /* im-142.png */; };
		0C3F311D11EAEC39004497A4 /* im-143.png in Resources */ = {isa = PBXBuildFile; fileRef = 0C3F307411EAEC38004497A4 /* im-143.png */; };
		0C3F311E11EAEC39004497A4 /* im-144.png in Resources */ = {isa = PBXBuildFile; fileRef = 0C3F307511EAEC38004497A4 /* im-144.png */; };
		0C3F311F11EAEC39004497A4 /* im-145.png in Resources */ = {isa = PBXBuildFile; fileRef = 0C3F307611EAEC38004497A4 /* im-145.png */; };
		0C3F312011EAEC39004497A4 /* im-146.png in Resources */ = {isa = PBXBuildFile; fileRef = 0C3F307711EAEC38004497A4 /* im-146.png */; };
		0C3F312111EAEC39004497A4 /* im-147.png in Resources */ = {isa = PBXBuildFile; fileRef = 0C3F307811EAEC38004497A4 /* im-147.png */; };
		0C3F312211EAEC39004497A4 /* im-148.png in Resources */ = {isa = PBXBuildFile; fileRef = 0C3F307911EAEC38004497A4 /* im-148.png */; };
		0C3F312311EAEC39004497A4 /* im-149.png in Resources */ = {isa = PBXBuildFile; fileRef = 0C3F307A11EAEC38004497A4 /* im-149.png */; };
		0C3F312411EAEC39004497A4 /* im-150.png in Resources */ = {isa = PBXBuildFile; fileRef = 0C3F307B11EAEC38004497A4 /* im-150.png */; };
		0C3F312511EAEC39004497A4 /* im-151.png in Resources */ = {isa = PBXBuildFile; fileRef = 0C3F307C11EAEC38004497A4 /* im-151.png */; };
		0C3F312611EAEC39004497A4 /* im-152.png in Resources */ = {isa = PBXBuildFile; fileRef = 0C3F307D11EAEC38004497A4 /* im-152.png */; };
		0C3F312711EAEC39004497A4 /* im-153.png in Resources */ = {isa = PBXBuildFile; fileRef = 0C3F307E11EAEC38004497A4 /* im-153.png */; };
		0C3F312811EAEC39004497A4 /* im-154.png in Resources */ = {isa = PBXBuildFile; fileRef = 0C3F307F11EAEC38004497A4 /* im-154.png */; };
		0C3F312911EAEC39004497A4 /* im-155.png in Resources */ = {isa = PBXBuildFile; fileRef = 0C3F308011EAEC38004497A4 /* im-155.png */; };
		0C3F312A11EAEC39004497A4 /* im-156.png in Resources */ = {isa = PBXBuildFile; fileRef = 0C3F308111EAEC38004497A4 /* im-156.png */; };
		0C3F312B11EAEC39004497A4 /* im-157.png in Resources */ = {isa = PBXBuildFile; fileRef = 0C3F308211EAEC38004497A4 /* im-157.png */; };
		0C3F312C11EAEC39004497A4 /* im-158.png in Resources */ = {isa = PBXBuildFile; fileRef = 0C3F308311EAEC38004497A4 /* im-158.png */; };
		0C3F312D11EAEC39004497A4 /* im-159.png in Resources */ = {isa = PBXBuildFile; fileRef = 0C3F308411EAEC38004497A4 /* im-159.png */; };
		0C3F312E11EAEC39004497A4 /* im-160.png in Resources */ = {isa = PBXBuildFile; fileRef = 0C3F308511EAEC38004497A4 /* im-160.png */; };
		0C3F312F11EAEC39004497A4 /* im-161.png in Resources */ = {isa = PBXBuildFile; fileRef = 0C3F308611EAEC39004497A4 /* im-161.png */; };
		0C3F313011EAEC39004497A4 /* im-162.png in Resources */ = {isa = PBXBuildFile; fileRef = 0C3F308711EAEC39004497A4 /* im-162.png */; };
		0C3F313111EAEC39004497A4 /* im-163.png in Resources */ = {isa = PBXBuildFile; fileRef = 0C3F308811EAEC39004497A4 /* im-163.png */; };
		0C3F313211EAEC39004497A4 /* im-164.png in Resources */ = {isa = PBXBuildFile; fileRef = 0C3F308911EAEC39004497A4 /* im-164.png */; };
		0C3F313311EAEC39004497A4 /* im-165.png in Resources */ = {isa = PBXBuildFile; fileRef = 0C3F308A11EAEC39004497A4 /* im-165.png */; };
		0C3F313411EAEC39004497A4 /* im-166.png in Resources */ = {isa = PBXBuildFile; fileRef = 0C3F308B11EAEC39004497A4 /* im-166.png */; };
		0C3F313511EAEC39004497A4 /* im-167.png in Resources */ = {isa = PBXBuildFile; fileRef = 0C3F308C11EAEC39004497A4 /* im-167.png */; };
		0C3F313611EAEC39004497A4 /* im-168.png in Resources */ = {isa = PBXBuildFile; fileRef = 0C3F308D11EAEC39004497A4 /* im-168.png */; };
		0C3F313B11EAEC45004497A4 /* ScrollViewAnimateViewController.m in Sources */ = {isa = PBXBuildFile; fileRef = 0C3F313A11EAEC45004497A4 /* ScrollViewAnimateViewController.m */; };
		1D3623260D0F684500981E51 /* ScrollViewAnimateAppDelegate.m in Sources */ = {isa = PBXBuildFile; fileRef = 1D3623250D0F684500981E51 /* ScrollViewAnimateAppDelegate.m */; };
		1D60589B0D05DD56006BFB54 /* main.m in Sources */ = {isa = PBXBuildFile; fileRef = 29B97316FDCFA39411CA2CEA /* main.m */; };
		1D60589F0D05DD5A006BFB54 /* Foundation.framework in Frameworks */ = {isa = PBXBuildFile; fileRef = 1D30AB110D05D00D00671497 /* Foundation.framework */; };
		1DF5F4E00D08C38300B7A737 /* UIKit.framework in Frameworks */ = {isa = PBXBuildFile; fileRef = 1DF5F4DF0D08C38300B7A737 /* UIKit.framework */; };
		288765A50DF7441C002DB57D /* CoreGraphics.framework in Frameworks */ = {isa = PBXBuildFile; fileRef = 288765A40DF7441C002DB57D /* CoreGraphics.framework */; };
		2899E5220DE3E06400AC0155 /* ScrollViewAnimateViewController.xib in Resources */ = {isa = PBXBuildFile; fileRef = 2899E5210DE3E06400AC0155 /* ScrollViewAnimateViewController.xib */; };
		28AD733F0D9D9553002E5188 /* MainWindow.xib in Resources */ = {isa = PBXBuildFile; fileRef = 28AD733E0D9D9553002E5188 /* MainWindow.xib */; };
/* End PBXBuildFile section */

/* Begin PBXFileReference section */
		0C3F2FE511EAEC37004497A4 /* im-0.png */ = {isa = PBXFileReference; lastKnownFileType = image.png; path = "im-0.png"; sourceTree = "<group>"; };
		0C3F2FE611EAEC37004497A4 /* im-1.png */ = {isa = PBXFileReference; lastKnownFileType = image.png; path = "im-1.png"; sourceTree = "<group>"; };
		0C3F2FE711EAEC37004497A4 /* im-2.png */ = {isa = PBXFileReference; lastKnownFileType = image.png; path = "im-2.png"; sourceTree = "<group>"; };
		0C3F2FE811EAEC37004497A4 /* im-3.png */ = {isa = PBXFileReference; lastKnownFileType = image.png; path = "im-3.png"; sourceTree = "<group>"; };
		0C3F2FE911EAEC37004497A4 /* im-4.png */ = {isa = PBXFileReference; lastKnownFileType = image.png; path = "im-4.png"; sourceTree = "<group>"; };
		0C3F2FEA11EAEC37004497A4 /* im-5.png */ = {isa = PBXFileReference; lastKnownFileType = image.png; path = "im-5.png"; sourceTree = "<group>"; };
		0C3F2FEB11EAEC37004497A4 /* im-6.png */ = {isa = PBXFileReference; lastKnownFileType = image.png; path = "im-6.png"; sourceTree = "<group>"; };
		0C3F2FEC11EAEC37004497A4 /* im-7.png */ = {isa = PBXFileReference; lastKnownFileType = image.png; path = "im-7.png"; sourceTree = "<group>"; };
		0C3F2FED11EAEC37004497A4 /* im-8.png */ = {isa = PBXFileReference; lastKnownFileType = image.png; path = "im-8.png"; sourceTree = "<group>"; };
		0C3F2FEE11EAEC37004497A4 /* im-9.png */ = {isa = PBXFileReference; lastKnownFileType = image.png; path = "im-9.png"; sourceTree = "<group>"; };
		0C3F2FEF11EAEC37004497A4 /* im-10.png */ = {isa = PBXFileReference; lastKnownFileType = image.png; path = "im-10.png"; sourceTree = "<group>"; };
		0C3F2FF011EAEC37004497A4 /* im-11.png */ = {isa = PBXFileReference; lastKnownFileType = image.png; path = "im-11.png"; sourceTree = "<group>"; };
		0C3F2FF111EAEC37004497A4 /* im-12.png */ = {isa = PBXFileReference; lastKnownFileType = image.png; path = "im-12.png"; sourceTree = "<group>"; };
		0C3F2FF211EAEC37004497A4 /* im-13.png */ = {isa = PBXFileReference; lastKnownFileType = image.png; path = "im-13.png"; sourceTree = "<group>"; };
		0C3F2FF311EAEC37004497A4 /* im-14.png */ = {isa = PBXFileReference; lastKnownFileType = image.png; path = "im-14.png"; sourceTree = "<group>"; };
		0C3F2FF411EAEC37004497A4 /* im-15.png */ = {isa = PBXFileReference; lastKnownFileType = image.png; path = "im-15.png"; sourceTree = "<group>"; };
		0C3F2FF511EAEC37004497A4 /* im-16.png */ = {isa = PBXFileReference; lastKnownFileType = image.png; path = "im-16.png"; sourceTree = "<group>"; };
		0C3F2FF611EAEC37004497A4 /* im-17.png */ = {isa = PBXFileReference; lastKnownFileType = image.png; path = "im-17.png"; sourceTree = "<group>"; };
		0C3F2FF711EAEC37004497A4 /* im-18.png */ = {isa = PBXFileReference; lastKnownFileType = image.png; path = "im-18.png"; sourceTree = "<group>"; };
		0C3F2FF811EAEC37004497A4 /* im-19.png */ = {isa = PBXFileReference; lastKnownFileType = image.png; path = "im-19.png"; sourceTree = "<group>"; };
		0C3F2FF911EAEC37004497A4 /* im-20.png */ = {isa = PBXFileReference; lastKnownFileType = image.png; path = "im-20.png"; sourceTree = "<group>"; };
		0C3F2FFA11EAEC37004497A4 /* im-21.png */ = {isa = PBXFileReference; lastKnownFileType = image.png; path = "im-21.png"; sourceTree = "<group>"; };
		0C3F2FFB11EAEC37004497A4 /* im-22.png */ = {isa = PBXFileReference; lastKnownFileType = image.png; path = "im-22.png"; sourceTree = "<group>"; };
		0C3F2FFC11EAEC37004497A4 /* im-23.png */ = {isa = PBXFileReference; lastKnownFileType = image.png; path = "im-23.png"; sourceTree = "<group>"; };
		0C3F2FFD11EAEC37004497A4 /* im-24.png */ = {isa = PBXFileReference; lastKnownFileType = image.png; path = "im-24.png"; sourceTree = "<group>"; };
		0C3F2FFE11EAEC37004497A4 /* im-25.png */ = {isa = PBXFileReference; lastKnownFileType = image.png; path = "im-25.png"; sourceTree = "<group>"; };
		0C3F2FFF11EAEC37004497A4 /* im-26.png */ = {isa = PBXFileReference; lastKnownFileType = image.png; path = "im-26.png"; sourceTree = "<group>"; };
		0C3F300011EAEC37004497A4 /* im-27.png */ = {isa = PBXFileReference; lastKnownFileType = image.png; path = "im-27.png"; sourceTree = "<group>"; };
		0C3F300111EAEC37004497A4 /* im-28.png */ = {isa = PBXFileReference; lastKnownFileType = image.png; path = "im-28.png"; sourceTree = "<group>"; };
		0C3F300211EAEC37004497A4 /* im-29.png */ = {isa = PBXFileReference; lastKnownFileType = image.png; path = "im-29.png"; sourceTree = "<group>"; };
		0C3F300311EAEC37004497A4 /* im-30.png */ = {isa = PBXFileReference; lastKnownFileType = image.png; path = "im-30.png"; sourceTree = "<group>"; };
		0C3F300411EAEC37004497A4 /* im-31.png */ = {isa = PBXFileReference; lastKnownFileType = image.png; path = "im-31.png"; sourceTree = "<group>"; };
		0C3F300511EAEC37004497A4 /* im-32.png */ = {isa = PBXFileReference; lastKnownFileType = image.png; path = "im-32.png"; sourceTree = "<group>"; };
		0C3F300611EAEC37004497A4 /* im-33.png */ = {isa = PBXFileReference; lastKnownFileType = image.png; path = "im-33.png"; sourceTree = "<group>"; };
		0C3F300711EAEC37004497A4 /* im-34.png */ = {isa = PBXFileReference; lastKnownFileType = image.png; path = "im-34.png"; sourceTree = "<group>"; };
		0C3F300811EAEC37004497A4 /* im-35.png */ = {isa = PBXFileReference; lastKnownFileType = image.png; path = "im-35.png"; sourceTree = "<group>"; };
		0C3F300911EAEC37004497A4 /* im-36.png */ = {isa = PBXFileReference; lastKnownFileType = image.png; path = "im-36.png"; sourceTree = "<group>"; };
		0C3F300A11EAEC37004497A4 /* im-37.png */ = {isa = PBXFileReference; lastKnownFileType = image.png; path = "im-37.png"; sourceTree = "<group>"; };
		0C3F300B11EAEC37004497A4 /* im-38.png */ = {isa = PBXFileReference; lastKnownFileType = image.png; path = "im-38.png"; sourceTree = "<group>"; };
		0C3F300C11EAEC37004497A4 /* im-39.png */ = {isa = PBXFileReference; lastKnownFileType = image.png; path = "im-39.png"; sourceTree = "<group>"; };
		0C3F300D11EAEC37004497A4 /* im-40.png */ = {isa = PBXFileReference; lastKnownFileType = image.png; path = "im-40.png"; sourceTree = "<group>"; };
		0C3F300E11EAEC37004497A4 /* im-41.png */ = {isa = PBXFileReference; lastKnownFileType = image.png; path = "im-41.png"; sourceTree = "<group>"; };
		0C3F300F11EAEC37004497A4 /* im-42.png */ = {isa = PBXFileReference; lastKnownFileType = image.png; path = "im-42.png"; sourceTree = "<group>"; };
		0C3F301011EAEC37004497A4 /* im-43.png */ = {isa = PBXFileReference; lastKnownFileType = image.png; path = "im-43.png"; sourceTree = "<group>"; };
		0C3F301111EAEC37004497A4 /* im-44.png */ = {isa = PBXFileReference; lastKnownFileType = image.png; path = "im-44.png"; sourceTree = "<group>"; };
		0C3F301211EAEC37004497A4 /* im-45.png */ = {isa = PBXFileReference; lastKnownFileType = image.png; path = "im-45.png"; sourceTree = "<group>"; };
		0C3F301311EAEC37004497A4 /* im-46.png */ = {isa = PBXFileReference; lastKnownFileType = image.png; path = "im-46.png"; sourceTree = "<group>"; };
		0C3F301411EAEC37004497A4 /* im-47.png */ = {isa = PBXFileReference; lastKnownFileType = image.png; path = "im-47.png"; sourceTree = "<group>"; };
		0C3F301511EAEC37004497A4 /* im-48.png */ = {isa = PBXFileReference; lastKnownFileType = image.png; path = "im-48.png"; sourceTree = "<group>"; };
		0C3F301611EAEC37004497A4 /* im-49.png */ = {isa = PBXFileReference; lastKnownFileType = image.png; path = "im-49.png"; sourceTree = "<group>"; };
		0C3F301711EAEC37004497A4 /* im-50.png */ = {isa = PBXFileReference; lastKnownFileType = image.png; path = "im-50.png"; sourceTree = "<group>"; };
		0C3F301811EAEC37004497A4 /* im-51.png */ = {isa = PBXFileReference; lastKnownFileType = image.png; path = "im-51.png"; sourceTree = "<group>"; };
		0C3F301911EAEC37004497A4 /* im-52.png */ = {isa = PBXFileReference; lastKnownFileType = image.png; path = "im-52.png"; sourceTree = "<group>"; };
		0C3F301A11EAEC37004497A4 /* im-53.png */ = {isa = PBXFileReference; lastKnownFileType = image.png; path = "im-53.png"; sourceTree = "<group>"; };
		0C3F301B11EAEC37004497A4 /* im-54.png */ = {isa = PBXFileReference; lastKnownFileType = image.png; path = "im-54.png"; sourceTree = "<group>"; };
		0C3F301C11EAEC37004497A4 /* im-55.png */ = {isa = PBXFileReference; lastKnownFileType = image.png; path = "im-55.png"; sourceTree = "<group>"; };
		0C3F301D11EAEC37004497A4 /* im-56.png */ = {isa = PBXFileReference; lastKnownFileType = image.png; path = "im-56.png"; sourceTree = "<group>"; };
		0C3F301E11EAEC37004497A4 /* im-57.png */ = {isa = PBXFileReference; lastKnownFileType = image.png; path = "im-57.png"; sourceTree = "<group>"; };
		0C3F301F11EAEC37004497A4 /* im-58.png */ = {isa = PBXFileReference; lastKnownFileType = image.png; path = "im-58.png"; sourceTree = "<group>"; };
		0C3F302011EAEC37004497A4 /* im-59.png */ = {isa = PBXFileReference; lastKnownFileType = image.png; path = "im-59.png"; sourceTree = "<group>"; };
		0C3F302111EAEC37004497A4 /* im-60.png */ = {isa = PBXFileReference; lastKnownFileType = image.png; path = "im-60.png"; sourceTree = "<group>"; };
		0C3F302211EAEC37004497A4 /* im-61.png */ = {isa = PBXFileReference; lastKnownFileType = image.png; path = "im-61.png"; sourceTree = "<group>"; };
		0C3F302311EAEC37004497A4 /* im-62.png */ = {isa = PBXFileReference; lastKnownFileType = image.png; path = "im-62.png"; sourceTree = "<group>"; };
		0C3F302411EAEC37004497A4 /* im-63.png */ = {isa = PBXFileReference; lastKnownFileType = image.png; path = "im-63.png"; sourceTree = "<group>"; };
		0C3F302511EAEC37004497A4 /* im-64.png */ = {isa = PBXFileReference; lastKnownFileType = image.png; path = "im-64.png"; sourceTree = "<group>"; };
		0C3F302611EAEC37004497A4 /* im-65.png */ = {isa = PBXFileReference; lastKnownFileType = image.png; path = "im-65.png"; sourceTree = "<group>"; };
		0C3F302711EAEC37004497A4 /* im-66.png */ = {isa = PBXFileReference; lastKnownFileType = image.png; path = "im-66.png"; sourceTree = "<group>"; };
		0C3F302811EAEC37004497A4 /* im-67.png */ = {isa = PBXFileReference; lastKnownFileType = image.png; path = "im-67.png"; sourceTree = "<group>"; };
		0C3F302911EAEC37004497A4 /* im-68.png */ = {isa = PBXFileReference; lastKnownFileType = image.png; path = "im-68.png"; sourceTree = "<group>"; };
		0C3F302A11EAEC37004497A4 /* im-69.png */ = {isa = PBXFileReference; lastKnownFileType = image.png; path = "im-69.png"; sourceTree = "<group>"; };
		0C3F302B11EAEC37004497A4 /* im-70.png */ = {isa = PBXFileReference; lastKnownFileType = image.png; path = "im-70.png"; sourceTree = "<group>"; };
		0C3F302C11EAEC37004497A4 /* im-71.png */ = {isa = PBXFileReference; lastKnownFileType = image.png; path = "im-71.png"; sourceTree = "<group>"; };
		0C3F302D11EAEC37004497A4 /* im-72.png */ = {isa = PBXFileReference; lastKnownFileType = image.png; path = "im-72.png"; sourceTree = "<group>"; };
		0C3F302E11EAEC37004497A4 /* im-73.png */ = {isa = PBXFileReference; lastKnownFileType = image.png; path = "im-73.png"; sourceTree = "<group>"; };
		0C3F302F11EAEC37004497A4 /* im-74.png */ = {isa = PBXFileReference; lastKnownFileType = image.png; path = "im-74.png"; sourceTree = "<group>"; };
		0C3F303011EAEC37004497A4 /* im-75.png */ = {isa = PBXFileReference; lastKnownFileType = image.png; path = "im-75.png"; sourceTree = "<group>"; };
		0C3F303111EAEC37004497A4 /* im-76.png */ = {isa = PBXFileReference; lastKnownFileType = image.png; path = "im-76.png"; sourceTree = "<group>"; };
		0C3F303211EAEC37004497A4 /* im-77.png */ = {isa = PBXFileReference; lastKnownFileType = image.png; path = "im-77.png"; sourceTree = "<group>"; };
		0C3F303311EAEC37004497A4 /* im-78.png */ = {isa = PBXFileReference; lastKnownFileType = image.png; path = "im-78.png"; sourceTree = "<group>"; };
		0C3F303411EAEC37004497A4 /* im-79.png */ = {isa = PBXFileReference; lastKnownFileType = image.png; path = "im-79.png"; sourceTree = "<group>"; };
		0C3F303511EAEC37004497A4 /* im-80.png */ = {isa = PBXFileReference; lastKnownFileType = image.png; path = "im-80.png"; sourceTree = "<group>"; };
		0C3F303611EAEC37004497A4 /* im-81.png */ = {isa = PBXFileReference; lastKnownFileType = image.png; path = "im-81.png"; sourceTree = "<group>"; };
		0C3F303711EAEC37004497A4 /* im-82.png */ = {isa = PBXFileReference; lastKnownFileType = image.png; path = "im-82.png"; sourceTree = "<group>"; };
		0C3F303811EAEC37004497A4 /* im-83.png */ = {isa = PBXFileReference; lastKnownFileType = image.png; path = "im-83.png"; sourceTree = "<group>"; };
		0C3F303911EAEC37004497A4 /* im-84.png */ = {isa = PBXFileReference; lastKnownFileType = image.png; path = "im-84.png"; sourceTree = "<group>"; };
		0C3F303A11EAEC37004497A4 /* im-85.png */ = {isa = PBXFileReference; lastKnownFileType = image.png; path = "im-85.png"; sourceTree = "<group>"; };
		0C3F303B11EAEC37004497A4 /* im-86.png */ = {isa = PBXFileReference; lastKnownFileType = image.png; path = "im-86.png"; sourceTree = "<group>"; };
		0C3F303C11EAEC37004497A4 /* im-87.png */ = {isa = PBXFileReference; lastKnownFileType = image.png; path = "im-87.png"; sourceTree = "<group>"; };
		0C3F303D11EAEC37004497A4 /* im-88.png */ = {isa = PBXFileReference; lastKnownFileType = image.png; path = "im-88.png"; sourceTree = "<group>"; };
		0C3F303E11EAEC37004497A4 /* im-89.png */ = {isa = PBXFileReference; lastKnownFileType = image.png; path = "im-89.png"; sourceTree = "<group>"; };
		0C3F303F11EAEC37004497A4 /* im-90.png */ = {isa = PBXFileReference; lastKnownFileType = image.png; path = "im-90.png"; sourceTree = "<group>"; };
		0C3F304011EAEC37004497A4 /* im-91.png */ = {isa = PBXFileReference; lastKnownFileType = image.png; path = "im-91.png"; sourceTree = "<group>"; };
		0C3F304111EAEC37004497A4 /* im-92.png */ = {isa = PBXFileReference; lastKnownFileType = image.png; path = "im-92.png"; sourceTree = "<group>"; };
		0C3F304211EAEC37004497A4 /* im-93.png */ = {isa = PBXFileReference; lastKnownFileType = image.png; path = "im-93.png"; sourceTree = "<group>"; };
		0C3F304311EAEC38004497A4 /* im-94.png */ = {isa = PBXFileReference; lastKnownFileType = image.png; path = "im-94.png"; sourceTree = "<group>"; };
		0C3F304411EAEC38004497A4 /* im-95.png */ = {isa = PBXFileReference; lastKnownFileType = image.png; path = "im-95.png"; sourceTree = "<group>"; };
		0C3F304511EAEC38004497A4 /* im-96.png */ = {isa = PBXFileReference; lastKnownFileType = image.png; path = "im-96.png"; sourceTree = "<group>"; };
		0C3F304611EAEC38004497A4 /* im-97.png */ = {isa = PBXFileReference; lastKnownFileType = image.png; path = "im-97.png"; sourceTree = "<group>"; };
		0C3F304711EAEC38004497A4 /* im-98.png */ = {isa = PBXFileReference; lastKnownFileType = image.png; path = "im-98.png"; sourceTree = "<group>"; };
		0C3F304811EAEC38004497A4 /* im-99.png */ = {isa = PBXFileReference; lastKnownFileType = image.png; path = "im-99.png"; sourceTree = "<group>"; };
		0C3F304911EAEC38004497A4 /* im-100.png */ = {isa = PBXFileReference; lastKnownFileType = image.png; path = "im-100.png"; sourceTree = "<group>"; };
		0C3F304A11EAEC38004497A4 /* im-101.png */ = {isa = PBXFileReference; lastKnownFileType = image.png; path = "im-101.png"; sourceTree = "<group>"; };
		0C3F304B11EAEC38004497A4 /* im-102.png */ = {isa = PBXFileReference; lastKnownFileType = image.png; path = "im-102.png"; sourceTree = "<group>"; };
		0C3F304C11EAEC38004497A4 /* im-103.png */ = {isa = PBXFileReference; lastKnownFileType = image.png; path = "im-103.png"; sourceTree = "<group>"; };
		0C3F304D11EAEC38004497A4 /* im-104.png */ = {isa = PBXFileReference; lastKnownFileType = image.png; path = "im-104.png"; sourceTree = "<group>"; };
		0C3F304E11EAEC38004497A4 /* im-105.png */ = {isa = PBXFileReference; lastKnownFileType = image.png; path = "im-105.png"; sourceTree = "<group>"; };
		0C3F304F11EAEC38004497A4 /* im-106.png */ = {isa = PBXFileReference; lastKnownFileType = image.png; path = "im-106.png"; sourceTree = "<group>"; };
		0C3F305011EAEC38004497A4 /* im-107.png */ = {isa = PBXFileReference; lastKnownFileType = image.png; path = "im-107.png"; sourceTree = "<group>"; };
		0C3F305111EAEC38004497A4 /* im-108.png */ = {isa = PBXFileReference; lastKnownFileType = image.png; path = "im-108.png"; sourceTree = "<group>"; };
		0C3F305211EAEC38004497A4 /* im-109.png */ = {isa = PBXFileReference; lastKnownFileType = image.png; path = "im-109.png"; sourceTree = "<group>"; };
		0C3F305311EAEC38004497A4 /* im-110.png */ = {isa = PBXFileReference; lastKnownFileType = image.png; path = "im-110.png"; sourceTree = "<group>"; };
		0C3F305411EAEC38004497A4 /* im-111.png */ = {isa = PBXFileReference; lastKnownFileType = image.png; path = "im-111.png"; sourceTree = "<group>"; };
		0C3F305511EAEC38004497A4 /* im-112.png */ = {isa = PBXFileReference; lastKnownFileType = image.png; path = "im-112.png"; sourceTree = "<group>"; };
		0C3F305611EAEC38004497A4 /* im-113.png */ = {isa = PBXFileReference; lastKnownFileType = image.png; path = "im-113.png"; sourceTree = "<group>"; };
		0C3F305711EAEC38004497A4 /* im-114.png */ = {isa = PBXFileReference; lastKnownFileType = image.png; path = "im-114.png"; sourceTree = "<group>"; };
		0C3F305811EAEC38004497A4 /* im-115.png */ = {isa = PBXFileReference; lastKnownFileType = image.png; path = "im-115.png"; sourceTree = "<group>"; };
		0C3F305911EAEC38004497A4 /* im-116.png */ = {isa = PBXFileReference; lastKnownFileType = image.png; path = "im-116.png"; sourceTree = "<group>"; };
		0C3F305A11EAEC38004497A4 /* im-117.png */ = {isa = PBXFileReference; lastKnownFileType = image.png; path = "im-117.png"; sourceTree = "<group>"; };
		0C3F305B11EAEC38004497A4 /* im-118.png */ = {isa = PBXFileReference; lastKnownFileType = image.png; path = "im-118.png"; sourceTree = "<group>"; };
		0C3F305C11EAEC38004497A4 /* im-119.png */ = {isa = PBXFileReference; lastKnownFileType = image.png; path = "im-119.png"; sourceTree = "<group>"; };
		0C3F305D11EAEC38004497A4 /* im-120.png */ = {isa = PBXFileReference; lastKnownFileType = image.png; path = "im-120.png"; sourceTree = "<group>"; };
		0C3F305E11EAEC38004497A4 /* im-121.png */ = {isa = PBXFileReference; lastKnownFileType = image.png; path = "im-121.png"; sourceTree = "<group>"; };
		0C3F305F11EAEC38004497A4 /* im-122.png */ = {isa = PBXFileReference; lastKnownFileType = image.png; path = "im-122.png"; sourceTree = "<group>"; };
		0C3F306011EAEC38004497A4 /* im-123.png */ = {isa = PBXFileReference; lastKnownFileType = image.png; path = "im-123.png"; sourceTree = "<group>"; };
		0C3F306111EAEC38004497A4 /* im-124.png */ = {isa = PBXFileReference; lastKnownFileType = image.png; path = "im-124.png"; sourceTree = "<group>"; };
		0C3F306211EAEC38004497A4 /* im-125.png */ = {isa = PBXFileReference; lastKnownFileType = image.png; path = "im-125.png"; sourceTree = "<group>"; };
		0C3F306311EAEC38004497A4 /* im-126.png */ = {isa = PBXFileReference; lastKnownFileType = image.png; path = "im-126.png"; sourceTree = "<group>"; };
		0C3F306411EAEC38004497A4 /* im-127.png */ = {isa = PBXFileReference; lastKnownFileType = image.png; path = "im-127.png"; sourceTree = "<group>"; };
		0C3F306511EAEC38004497A4 /* im-128.png */ = {isa = PBXFileReference; lastKnownFileType = image.png; path = "im-128.png"; sourceTree = "<group>"; };
		0C3F306611EAEC38004497A4 /* im-129.png */ = {isa = PBXFileReference; lastKnownFileType = image.png; path = "im-129.png"; sourceTree = "<group>"; };
		0C3F306711EAEC38004497A4 /* im-130.png */ = {isa = PBXFileReference; lastKnownFileType = image.png; path = "im-130.png"; sourceTree = "<group>"; };
		0C3F306811EAEC38004497A4 /* im-131.png */ = {isa = PBXFileReference; lastKnownFileType = image.png; path = "im-131.png"; sourceTree = "<group>"; };
		0C3F306911EAEC38004497A4 /* im-132.png */ = {isa = PBXFileReference; lastKnownFileType = image.png; path = "im-132.png"; sourceTree = "<group>"; };
		0C3F306A11EAEC38004497A4 /* im-133.png */ = {isa = PBXFileReference; lastKnownFileType = image.png; path = "im-133.png"; sourceTree = "<group>"; };
		0C3F306B11EAEC38004497A4 /* im-134.png */ = {isa = PBXFileReference; lastKnownFileType = image.png; path = "im-134.png"; sourceTree = "<group>"; };
		0C3F306C11EAEC38004497A4 /* im-135.png */ = {isa = PBXFileReference; lastKnownFileType = image.png; path = "im-135.png"; sourceTree = "<group>"; };
		0C3F306D11EAEC38004497A4 /* im-136.png */ = {isa = PBXFileReference; lastKnownFileType = image.png; path = "im-136.png"; sourceTree = "<group>"; };
		0C3F306E11EAEC38004497A4 /* im-137.png */ = {isa = PBXFileReference; lastKnownFileType = image.png; path = "im-137.png"; sourceTree = "<group>"; };
		0C3F306F11EAEC38004497A4 /* im-138.png */ = {isa = PBXFileReference; lastKnownFileType = image.png; path = "im-138.png"; sourceTree = "<group>"; };
		0C3F307011EAEC38004497A4 /* im-139.png */ = {isa = PBXFileReference; lastKnownFileType = image.png; path = "im-139.png"; sourceTree = "<group>"; };
		0C3F307111EAEC38004497A4 /* im-140.png */ = {isa = PBXFileReference; lastKnownFileType = image.png; path = "im-140.png"; sourceTree = "<group>"; };
		0C3F307211EAEC38004497A4 /* im-141.png */ = {isa = PBXFileReference; lastKnownFileType = image.png; path = "im-141.png"; sourceTree = "<group>"; };
		0C3F307311EAEC38004497A4 /* im-142.png */ = {isa = PBXFileReference; lastKnownFileType = image.png; path = "im-142.png"; sourceTree = "<group>"; };
		0C3F307411EAEC38004497A4 /* im-143.png */ = {isa = PBXFileReference; lastKnownFileType = image.png; path = "im-143.png"; sourceTree = "<group>"; };
		0C3F307511EAEC38004497A4 /* im-144.png */ = {isa = PBXFileReference; lastKnownFileType = image.png; path = "im-144.png"; sourceTree = "<group>"; };
		0C3F307611EAEC38004497A4 /* im-145.png */ = {isa = PBXFileReference; lastKnownFileType = image.png; path = "im-145.png"; sourceTree = "<group>"; };
		0C3F307711EAEC38004497A4 /* im-146.png */ = {isa = PBXFileReference; lastKnownFileType = image.png; path = "im-146.png"; sourceTree = "<group>"; };
		0C3F307811EAEC38004497A4 /* im-147.png */ = {isa = PBXFileReference; lastKnownFileType = image.png; path = "im-147.png"; sourceTree = "<group>"; };
		0C3F307911EAEC38004497A4 /* im-148.png */ = {isa = PBXFileReference; lastKnownFileType = image.png; path = "im-148.png"; sourceTree = "<group>"; };
		0C3F307A11EAEC38004497A4 /* im-149.png */ = {isa = PBXFileReference; lastKnownFileType = image.png; path = "im-149.png"; sourceTree = "<group>"; };
		0C3F307B11EAEC38004497A4 /* im-150.png */ = {isa = PBXFileReference; lastKnownFileType = image.png; path = "im-150.png"; sourceTree = "<group>"; };
		0C3F307C11EAEC38004497A4 /* im-151.png */ = {isa = PBXFileReference; lastKnownFileType = image.png; path = "im-151.png"; sourceTree = "<group>"; };
		0C3F307D11EAEC38004497A4 /* im-152.png */ = {isa = PBXFileReference; lastKnownFileType = image.png; path = "im-152.png"; sourceTree = "<group>"; };
		0C3F307E11EAEC38004497A4 /* im-153.png */ = {isa = PBXFileReference; lastKnownFileType = image.png; path = "im-153.png"; sourceTree = "<group>"; };
		0C3F307F11EAEC38004497A4 /* im-154.png */ = {isa = PBXFileReference; lastKnownFileType = image.png; path = "im-154.png"; sourceTree = "<group>"; };
		0C3F308011EAEC38004497A4 /* im-155.png */ = {isa = PBXFileReference; lastKnownFileType = image.png; path = "im-155.png"; sourceTree = "<group>"; };
		0C3F308111EAEC38004497A4 /* im-156.png */ = {isa = PBXFileReference; lastKnownFileType = image.png; path = "im-156.png"; sourceTree = "<group>"; };
		0C3F308211EAEC38004497A4 /* im-157.png */ = {isa = PBXFileReference; lastKnownFileType = image.png; path = "im-157.png"; sourceTree = "<group>"; };
		0C3F308311EAEC38004497A4 /* im-158.png */ = {isa = PBXFileReference; lastKnownFileType = image.png; path = "im-158.png"; sourceTree = "<group>"; };
		0C3F308411EAEC38004497A4 /* im-159.png */ = {isa = PBXFileReference; lastKnownFileType = image.png; path = "im-159.png"; sourceTree = "<group>"; };
		0C3F308511EAEC38004497A4 /* im-160.png */ = {isa = PBXFileReference; lastKnownFileType = image.png; path = "im-160.png"; sourceTree = "<group>"; };
		0C3F308611EAEC39004497A4 /* im-161.png */ = {isa = PBXFileReference; lastKnownFileType = image.png; path = "im-161.png"; sourceTree = "<group>"; };
		0C3F308711EAEC39004497A4 /* im-162.png */ = {isa = PBXFileReference; lastKnownFileType = image.png; path = "im-162.png"; sourceTree = "<group>"; };
		0C3F308811EAEC39004497A4 /* im-163.png */ = {isa = PBXFileReference; lastKnownFileType = image.png; path = "im-163.png"; sourceTree = "<group>"; };
		0C3F308911EAEC39004497A4 /* im-164.png */ = {isa = PBXFileReference; lastKnownFileType = image.png; path = "im-164.png"; sourceTree = "<group>"; };
		0C3F308A11EAEC39004497A4 /* im-165.png */ = {isa = PBXFileReference; lastKnownFileType = image.png; path = "im-165.png"; sourceTree = "<group>"; };
		0C3F308B11EAEC39004497A4 /* im-166.png */ = {isa = PBXFileReference; lastKnownFileType = image.png; path = "im-166.png"; sourceTree = "<group>"; };
		0C3F308C11EAEC39004497A4 /* im-167.png */ = {isa = PBXFileReference; lastKnownFileType = image.png; path = "im-167.png"; sourceTree = "<group>"; };
		0C3F308D11EAEC39004497A4 /* im-168.png */ = {isa = PBXFileReference; lastKnownFileType = image.png; path = "im-168.png"; sourceTree = "<group>"; };
		0C3F313911EAEC45004497A4 /* ScrollViewAnimateViewController.h */ = {isa = PBXFileReference; fileEncoding = 4; lastKnownFileType = sourcecode.c.h; path = ScrollViewAnimateViewController.h; sourceTree = "<group>"; };
		0C3F313A11EAEC45004497A4 /* ScrollViewAnimateViewController.m */ = {isa = PBXFileReference; fileEncoding = 4; lastKnownFileType = sourcecode.c.objc; path = ScrollViewAnimateViewController.m; sourceTree = "<group>"; };
		1D30AB110D05D00D00671497 /* Foundation.framework */ = {isa = PBXFileReference; lastKnownFileType = wrapper.framework; name = Foundation.framework; path = System/Library/Frameworks/Foundation.framework; sourceTree = SDKROOT; };
		1D3623240D0F684500981E51 /* ScrollViewAnimateAppDelegate.h */ = {isa = PBXFileReference; fileEncoding = 4; lastKnownFileType = sourcecode.c.h; path = ScrollViewAnimateAppDelegate.h; sourceTree = "<group>"; };
		1D3623250D0F684500981E51 /* ScrollViewAnimateAppDelegate.m */ = {isa = PBXFileReference; fileEncoding = 4; lastKnownFileType = sourcecode.c.objc; path = ScrollViewAnimateAppDelegate.m; sourceTree = "<group>"; };
		1D6058910D05DD3D006BFB54 /* ScrollViewAnimate.app */ = {isa = PBXFileReference; explicitFileType = wrapper.application; includeInIndex = 0; path = ScrollViewAnimate.app; sourceTree = BUILT_PRODUCTS_DIR; };
		1DF5F4DF0D08C38300B7A737 /* UIKit.framework */ = {isa = PBXFileReference; lastKnownFileType = wrapper.framework; name = UIKit.framework; path = System/Library/Frameworks/UIKit.framework; sourceTree = SDKROOT; };
		288765A40DF7441C002DB57D /* CoreGraphics.framework */ = {isa = PBXFileReference; lastKnownFileType = wrapper.framework; name = CoreGraphics.framework; path = System/Library/Frameworks/CoreGraphics.framework; sourceTree = SDKROOT; };
		2899E5210DE3E06400AC0155 /* ScrollViewAnimateViewController.xib */ = {isa = PBXFileReference; lastKnownFileType = file.xib; path = ScrollViewAnimateViewController.xib; sourceTree = "<group>"; };
		28AD733E0D9D9553002E5188 /* MainWindow.xib */ = {isa = PBXFileReference; lastKnownFileType = file.xib; path = MainWindow.xib; sourceTree = "<group>"; };
		29B97316FDCFA39411CA2CEA /* main.m */ = {isa = PBXFileReference; fileEncoding = 4; lastKnownFileType = sourcecode.c.objc; path = main.m; sourceTree = "<group>"; };
		32CA4F630368D1EE00C91783 /* ScrollViewAnimate_Prefix.pch */ = {isa = PBXFileReference; fileEncoding = 4; lastKnownFileType = sourcecode.c.h; path = ScrollViewAnimate_Prefix.pch; sourceTree = "<group>"; };
		8D1107310486CEB800E47090 /* ScrollViewAnimate-Info.plist */ = {isa = PBXFileReference; fileEncoding = 4; lastKnownFileType = text.plist.xml; path = "ScrollViewAnimate-Info.plist"; plistStructureDefinitionIdentifier = "com.apple.xcode.plist.structure-definition.iphone.info-plist"; sourceTree = "<group>"; };
/* End PBXFileReference section */

/* Begin PBXFrameworksBuildPhase section */
		1D60588F0D05DD3D006BFB54 /* Frameworks */ = {
			isa = PBXFrameworksBuildPhase;
			buildActionMask = 2147483647;
			files = (
				1D60589F0D05DD5A006BFB54 /* Foundation.framework in Frameworks */,
				1DF5F4E00D08C38300B7A737 /* UIKit.framework in Frameworks */,
				288765A50DF7441C002DB57D /* CoreGraphics.framework in Frameworks */,
			);
			runOnlyForDeploymentPostprocessing = 0;
		};
/* End PBXFrameworksBuildPhase section */

/* Begin PBXGroup section */
		080E96DDFE201D6D7F000001 /* Classes */ = {
			isa = PBXGroup;
			children = (
				0C3F313911EAEC45004497A4 /* ScrollViewAnimateViewController.h */,
				0C3F313A11EAEC45004497A4 /* ScrollViewAnimateViewController.m */,
				1D3623240D0F684500981E51 /* ScrollViewAnimateAppDelegate.h */,
				1D3623250D0F684500981E51 /* ScrollViewAnimateAppDelegate.m */,
				0C3F2FE411EAEC37004497A4 /* ImageSequence */,
			);
			path = Classes;
			sourceTree = "<group>";
		};
		0C3F2FE411EAEC37004497A4 /* ImageSequence */ = {
			isa = PBXGroup;
			children = (
				0C3F2FE511EAEC37004497A4 /* im-0.png */,
				0C3F2FE611EAEC37004497A4 /* im-1.png */,
				0C3F2FE711EAEC37004497A4 /* im-2.png */,
				0C3F2FE811EAEC37004497A4 /* im-3.png */,
				0C3F2FE911EAEC37004497A4 /* im-4.png */,
				0C3F2FEA11EAEC37004497A4 /* im-5.png */,
				0C3F2FEB11EAEC37004497A4 /* im-6.png */,
				0C3F2FEC11EAEC37004497A4 /* im-7.png */,
				0C3F2FED11EAEC37004497A4 /* im-8.png */,
				0C3F2FEE11EAEC37004497A4 /* im-9.png */,
				0C3F2FEF11EAEC37004497A4 /* im-10.png */,
				0C3F2FF011EAEC37004497A4 /* im-11.png */,
				0C3F2FF111EAEC37004497A4 /* im-12.png */,
				0C3F2FF211EAEC37004497A4 /* im-13.png */,
				0C3F2FF311EAEC37004497A4 /* im-14.png */,
				0C3F2FF411EAEC37004497A4 /* im-15.png */,
				0C3F2FF511EAEC37004497A4 /* im-16.png */,
				0C3F2FF611EAEC37004497A4 /* im-17.png */,
				0C3F2FF711EAEC37004497A4 /* im-18.png */,
				0C3F2FF811EAEC37004497A4 /* im-19.png */,
				0C3F2FF911EAEC37004497A4 /* im-20.png */,
				0C3F2FFA11EAEC37004497A4 /* im-21.png */,
				0C3F2FFB11EAEC37004497A4 /* im-22.png */,
				0C3F2FFC11EAEC37004497A4 /* im-23.png */,
				0C3F2FFD11EAEC37004497A4 /* im-24.png */,
				0C3F2FFE11EAEC37004497A4 /* im-25.png */,
				0C3F2FFF11EAEC37004497A4 /* im-26.png */,
				0C3F300011EAEC37004497A4 /* im-27.png */,
				0C3F300111EAEC37004497A4 /* im-28.png */,
				0C3F300211EAEC37004497A4 /* im-29.png */,
				0C3F300311EAEC37004497A4 /* im-30.png */,
				0C3F300411EAEC37004497A4 /* im-31.png */,
				0C3F300511EAEC37004497A4 /* im-32.png */,
				0C3F300611EAEC37004497A4 /* im-33.png */,
				0C3F300711EAEC37004497A4 /* im-34.png */,
				0C3F300811EAEC37004497A4 /* im-35.png */,
				0C3F300911EAEC37004497A4 /* im-36.png */,
				0C3F300A11EAEC37004497A4 /* im-37.png */,
				0C3F300B11EAEC37004497A4 /* im-38.png */,
				0C3F300C11EAEC37004497A4 /* im-39.png */,
				0C3F300D11EAEC37004497A4 /* im-40.png */,
				0C3F300E11EAEC37004497A4 /* im-41.png */,
				0C3F300F11EAEC37004497A4 /* im-42.png */,
				0C3F301011EAEC37004497A4 /* im-43.png */,
				0C3F301111EAEC37004497A4 /* im-44.png */,
				0C3F301211EAEC37004497A4 /* im-45.png */,
				0C3F301311EAEC37004497A4 /* im-46.png */,
				0C3F301411EAEC37004497A4 /* im-47.png */,
				0C3F301511EAEC37004497A4 /* im-48.png */,
				0C3F301611EAEC37004497A4 /* im-49.png */,
				0C3F301711EAEC37004497A4 /* im-50.png */,
				0C3F301811EAEC37004497A4 /* im-51.png */,
				0C3F301911EAEC37004497A4 /* im-52.png */,
				0C3F301A11EAEC37004497A4 /* im-53.png */,
				0C3F301B11EAEC37004497A4 /* im-54.png */,
				0C3F301C11EAEC37004497A4 /* im-55.png */,
				0C3F301D11EAEC37004497A4 /* im-56.png */,
				0C3F301E11EAEC37004497A4 /* im-57.png */,
				0C3F301F11EAEC37004497A4 /* im-58.png */,
				0C3F302011EAEC37004497A4 /* im-59.png */,
				0C3F302111EAEC37004497A4 /* im-60.png */,
				0C3F302211EAEC37004497A4 /* im-61.png */,
				0C3F302311EAEC37004497A4 /* im-62.png */,
				0C3F302411EAEC37004497A4 /* im-63.png */,
				0C3F302511EAEC37004497A4 /* im-64.png */,
				0C3F302611EAEC37004497A4 /* im-65.png */,
				0C3F302711EAEC37004497A4 /* im-66.png */,
				0C3F302811EAEC37004497A4 /* im-67.png */,
				0C3F302911EAEC37004497A4 /* im-68.png */,
				0C3F302A11EAEC37004497A4 /* im-69.png */,
				0C3F302B11EAEC37004497A4 /* im-70.png */,
				0C3F302C11EAEC37004497A4 /* im-71.png */,
				0C3F302D11EAEC37004497A4 /* im-72.png */,
				0C3F302E11EAEC37004497A4 /* im-73.png */,
				0C3F302F11EAEC37004497A4 /* im-74.png */,
				0C3F303011EAEC37004497A4 /* im-75.png */,
				0C3F303111EAEC37004497A4 /* im-76.png */,
				0C3F303211EAEC37004497A4 /* im-77.png */,
				0C3F303311EAEC37004497A4 /* im-78.png */,
				0C3F303411EAEC37004497A4 /* im-79.png */,
				0C3F303511EAEC37004497A4 /* im-80.png */,
				0C3F303611EAEC37004497A4 /* im-81.png */,
				0C3F303711EAEC37004497A4 /* im-82.png */,
				0C3F303811EAEC37004497A4 /* im-83.png */,
				0C3F303911EAEC37004497A4 /* im-84.png */,
				0C3F303A11EAEC37004497A4 /* im-85.png */,
				0C3F303B11EAEC37004497A4 /* im-86.png */,
				0C3F303C11EAEC37004497A4 /* im-87.png */,
				0C3F303D11EAEC37004497A4 /* im-88.png */,
				0C3F303E11EAEC37004497A4 /* im-89.png */,
				0C3F303F11EAEC37004497A4 /* im-90.png */,
				0C3F304011EAEC37004497A4 /* im-91.png */,
				0C3F304111EAEC37004497A4 /* im-92.png */,
				0C3F304211EAEC37004497A4 /* im-93.png */,
				0C3F304311EAEC38004497A4 /* im-94.png */,
				0C3F304411EAEC38004497A4 /* im-95.png */,
				0C3F304511EAEC38004497A4 /* im-96.png */,
				0C3F304611EAEC38004497A4 /* im-97.png */,
				0C3F304711EAEC38004497A4 /* im-98.png */,
				0C3F304811EAEC38004497A4 /* im-99.png */,
				0C3F304911EAEC38004497A4 /* im-100.png */,
				0C3F304A11EAEC38004497A4 /* im-101.png */,
				0C3F304B11EAEC38004497A4 /* im-102.png */,
				0C3F304C11EAEC38004497A4 /* im-103.png */,
				0C3F304D11EAEC38004497A4 /* im-104.png */,
				0C3F304E11EAEC38004497A4 /* im-105.png */,
				0C3F304F11EAEC38004497A4 /* im-106.png */,
				0C3F305011EAEC38004497A4 /* im-107.png */,
				0C3F305111EAEC38004497A4 /* im-108.png */,
				0C3F305211EAEC38004497A4 /* im-109.png */,
				0C3F305311EAEC38004497A4 /* im-110.png */,
				0C3F305411EAEC38004497A4 /* im-111.png */,
				0C3F305511EAEC38004497A4 /* im-112.png */,
				0C3F305611EAEC38004497A4 /* im-113.png */,
				0C3F305711EAEC38004497A4 /* im-114.png */,
				0C3F305811EAEC38004497A4 /* im-115.png */,
				0C3F305911EAEC38004497A4 /* im-116.png */,
				0C3F305A11EAEC38004497A4 /* im-117.png */,
				0C3F305B11EAEC38004497A4 /* im-118.png */,
				0C3F305C11EAEC38004497A4 /* im-119.png */,
				0C3F305D11EAEC38004497A4 /* im-120.png */,
				0C3F305E11EAEC38004497A4 /* im-121.png */,
				0C3F305F11EAEC38004497A4 /* im-122.png */,
				0C3F306011EAEC38004497A4 /* im-123.png */,
				0C3F306111EAEC38004497A4 /* im-124.png */,
				0C3F306211EAEC38004497A4 /* im-125.png */,
				0C3F306311EAEC38004497A4 /* im-126.png */,
				0C3F306411EAEC38004497A4 /* im-127.png */,
				0C3F306511EAEC38004497A4 /* im-128.png */,
				0C3F306611EAEC38004497A4 /* im-129.png */,
				0C3F306711EAEC38004497A4 /* im-130.png */,
				0C3F306811EAEC38004497A4 /* im-131.png */,
				0C3F306911EAEC38004497A4 /* im-132.png */,
				0C3F306A11EAEC38004497A4 /* im-133.png */,
				0C3F306B11EAEC38004497A4 /* im-134.png */,
				0C3F306C11EAEC38004497A4 /* im-135.png */,
				0C3F306D11EAEC38004497A4 /* im-136.png */,
				0C3F306E11EAEC38004497A4 /* im-137.png */,
				0C3F306F11EAEC38004497A4 /* im-138.png */,
				0C3F307011EAEC38004497A4 /* im-139.png */,
				0C3F307111EAEC38004497A4 /* im-140.png */,
				0C3F307211EAEC38004497A4 /* im-141.png */,
				0C3F307311EAEC38004497A4 /* im-142.png */,
				0C3F307411EAEC38004497A4 /* im-143.png */,
				0C3F307511EAEC38004497A4 /* im-144.png */,
				0C3F307611EAEC38004497A4 /* im-145.png */,
				0C3F307711EAEC38004497A4 /* im-146.png */,
				0C3F307811EAEC38004497A4 /* im-147.png */,
				0C3F307911EAEC38004497A4 /* im-148.png */,
				0C3F307A11EAEC38004497A4 /* im-149.png */,
				0C3F307B11EAEC38004497A4 /* im-150.png */,
				0C3F307C11EAEC38004497A4 /* im-151.png */,
				0C3F307D11EAEC38004497A4 /* im-152.png */,
				0C3F307E11EAEC38004497A4 /* im-153.png */,
				0C3F307F11EAEC38004497A4 /* im-154.png */,
				0C3F308011EAEC38004497A4 /* im-155.png */,
				0C3F308111EAEC38004497A4 /* im-156.png */,
				0C3F308211EAEC38004497A4 /* im-157.png */,
				0C3F308311EAEC38004497A4 /* im-158.png */,
				0C3F308411EAEC38004497A4 /* im-159.png */,
				0C3F308511EAEC38004497A4 /* im-160.png */,
				0C3F308611EAEC39004497A4 /* im-161.png */,
				0C3F308711EAEC39004497A4 /* im-162.png */,
				0C3F308811EAEC39004497A4 /* im-163.png */,
				0C3F308911EAEC39004497A4 /* im-164.png */,
				0C3F308A11EAEC39004497A4 /* im-165.png */,
				0C3F308B11EAEC39004497A4 /* im-166.png */,
				0C3F308C11EAEC39004497A4 /* im-167.png */,
				0C3F308D11EAEC39004497A4 /* im-168.png */,
			);
			name = ImageSequence;
			sourceTree = "<group>";
		};
		19C28FACFE9D520D11CA2CBB /* Products */ = {
			isa = PBXGroup;
			children = (
				1D6058910D05DD3D006BFB54 /* ScrollViewAnimate.app */,
			);
			name = Products;
			sourceTree = "<group>";
		};
		29B97314FDCFA39411CA2CEA /* CustomTemplate */ = {
			isa = PBXGroup;
			children = (
				080E96DDFE201D6D7F000001 /* Classes */,
				29B97315FDCFA39411CA2CEA /* Other Sources */,
				29B97317FDCFA39411CA2CEA /* Resources */,
				29B97323FDCFA39411CA2CEA /* Frameworks */,
				19C28FACFE9D520D11CA2CBB /* Products */,
			);
			name = CustomTemplate;
			sourceTree = "<group>";
		};
		29B97315FDCFA39411CA2CEA /* Other Sources */ = {
			isa = PBXGroup;
			children = (
				32CA4F630368D1EE00C91783 /* ScrollViewAnimate_Prefix.pch */,
				29B97316FDCFA39411CA2CEA /* main.m */,
			);
			name = "Other Sources";
			sourceTree = "<group>";
		};
		29B97317FDCFA39411CA2CEA /* Resources */ = {
			isa = PBXGroup;
			children = (
				2899E5210DE3E06400AC0155 /* ScrollViewAnimateViewController.xib */,
				28AD733E0D9D9553002E5188 /* MainWindow.xib */,
				8D1107310486CEB800E47090 /* ScrollViewAnimate-Info.plist */,
			);
			name = Resources;
			sourceTree = "<group>";
		};
		29B97323FDCFA39411CA2CEA /* Frameworks */ = {
			isa = PBXGroup;
			children = (
				1DF5F4DF0D08C38300B7A737 /* UIKit.framework */,
				1D30AB110D05D00D00671497 /* Foundation.framework */,
				288765A40DF7441C002DB57D /* CoreGraphics.framework */,
			);
			name = Frameworks;
			sourceTree = "<group>";
		};
/* End PBXGroup section */

/* Begin PBXNativeTarget section */
		1D6058900D05DD3D006BFB54 /* ScrollViewAnimate */ = {
			isa = PBXNativeTarget;
			buildConfigurationList = 1D6058960D05DD3E006BFB54 /* Build configuration list for PBXNativeTarget "ScrollViewAnimate" */;
			buildPhases = (
				1D60588D0D05DD3D006BFB54 /* Resources */,
				1D60588E0D05DD3D006BFB54 /* Sources */,
				1D60588F0D05DD3D006BFB54 /* Frameworks */,
			);
			buildRules = (
			);
			dependencies = (
			);
			name = ScrollViewAnimate;
			productName = ScrollViewAnimate2;
			productReference = 1D6058910D05DD3D006BFB54 /* ScrollViewAnimate.app */;
			productType = "com.apple.product-type.application";
		};
/* End PBXNativeTarget section */

/* Begin PBXProject section */
		29B97313FDCFA39411CA2CEA /* Project object */ = {
			isa = PBXProject;
			buildConfigurationList = C01FCF4E08A954540054247B /* Build configuration list for PBXProject "ScrollViewAnimate" */;
			compatibilityVersion = "Xcode 3.1";
			hasScannedForEncodings = 1;
			mainGroup = 29B97314FDCFA39411CA2CEA /* CustomTemplate */;
			projectDirPath = "";
			projectRoot = "";
			targets = (
				1D6058900D05DD3D006BFB54 /* ScrollViewAnimate */,
			);
		};
/* End PBXProject section */

/* Begin PBXResourcesBuildPhase section */
		1D60588D0D05DD3D006BFB54 /* Resources */ = {
			isa = PBXResourcesBuildPhase;
			buildActionMask = 2147483647;
			files = (
				28AD733F0D9D9553002E5188 /* MainWindow.xib in Resources */,
				2899E5220DE3E06400AC0155 /* ScrollViewAnimateViewController.xib in Resources */,
				0C3F308E11EAEC39004497A4 /* im-0.png in Resources */,
				0C3F308F11EAEC39004497A4 /* im-1.png in Resources */,
				0C3F309011EAEC39004497A4 /* im-2.png in Resources */,
				0C3F309111EAEC39004497A4 /* im-3.png in Resources */,
				0C3F309211EAEC39004497A4 /* im-4.png in Resources */,
				0C3F309311EAEC39004497A4 /* im-5.png in Resources */,
				0C3F309411EAEC39004497A4 /* im-6.png in Resources */,
				0C3F309511EAEC39004497A4 /* im-7.png in Resources */,
				0C3F309611EAEC39004497A4 /* im-8.png in Resources */,
				0C3F309711EAEC39004497A4 /* im-9.png in Resources */,
				0C3F309811EAEC39004497A4 /* im-10.png in Resources */,
				0C3F309911EAEC39004497A4 /* im-11.png in Resources */,
				0C3F309A11EAEC39004497A4 /* im-12.png in Resources */,
				0C3F309B11EAEC39004497A4 /* im-13.png in Resources */,
				0C3F309C11EAEC39004497A4 /* im-14.png in Resources */,
				0C3F309D11EAEC39004497A4 /* im-15.png in Resources */,
				0C3F309E11EAEC39004497A4 /* im-16.png in Resources */,
				0C3F309F11EAEC39004497A4 /* im-17.png in Resources */,
				0C3F30A011EAEC39004497A4 /* im-18.png in Resources */,
				0C3F30A111EAEC39004497A4 /* im-19.png in Resources */,
				0C3F30A211EAEC39004497A4 /* im-20.png in Resources */,
				0C3F30A311EAEC39004497A4 /* im-21.png in Resources */,
				0C3F30A411EAEC39004497A4 /* im-22.png in Resources */,
				0C3F30A511EAEC39004497A4 /* im-23.png in Resources */,
				0C3F30A611EAEC39004497A4 /* im-24.png in Resources */,
				0C3F30A711EAEC39004497A4 /* im-25.png in Resources */,
				0C3F30A811EAEC39004497A4 /* im-26.png in Resources */,
				0C3F30A911EAEC39004497A4 /* im-27.png in Resources */,
				0C3F30AA11EAEC39004497A4 /* im-28.png in Resources */,
				0C3F30AB11EAEC39004497A4 /* im-29.png in Resources */,
				0C3F30AC11EAEC39004497A4 /* im-30.png in Resources */,
				0C3F30AD11EAEC39004497A4 /* im-31.png in Resources */,
				0C3F30AE11EAEC39004497A4 /* im-32.png in Resources */,
				0C3F30AF11EAEC39004497A4 /* im-33.png in Resources */,
				0C3F30B011EAEC39004497A4 /* im-34.png in Resources */,
				0C3F30B111EAEC39004497A4 /* im-35.png in Resources */,
				0C3F30B211EAEC39004497A4 /* im-36.png in Resources */,
				0C3F30B311EAEC39004497A4 /* im-37.png in Resources */,
				0C3F30B411EAEC39004497A4 /* im-38.png in Resources */,
				0C3F30B511EAEC39004497A4 /* im-39.png in Resources */,
				0C3F30B611EAEC39004497A4 /* im-40.png in Resources */,
				0C3F30B711EAEC39004497A4 /* im-41.png in Resources */,
				0C3F30B811EAEC39004497A4 /* im-42.png in Resources */,
				0C3F30B911EAEC39004497A4 /* im-43.png in Resources */,
				0C3F30BA11EAEC39004497A4 /* im-44.png in Resources */,
				0C3F30BB11EAEC39004497A4 /* im-45.png in Resources */,
				0C3F30BC11EAEC39004497A4 /* im-46.png in Resources */,
				0C3F30BD11EAEC39004497A4 /* im-47.png in Resources */,
				0C3F30BE11EAEC39004497A4 /* im-48.png in Resources */,
				0C3F30BF11EAEC39004497A4 /* im-49.png in Resources */,
				0C3F30C011EAEC39004497A4 /* im-50.png in Resources */,
				0C3F30C111EAEC39004497A4 /* im-51.png in Resources */,
				0C3F30C211EAEC39004497A4 /* im-52.png in Resources */,
				0C3F30C311EAEC39004497A4 /* im-53.png in Resources */,
				0C3F30C411EAEC39004497A4 /* im-54.png in Resources */,
				0C3F30C511EAEC39004497A4 /* im-55.png in Resources */,
				0C3F30C611EAEC39004497A4 /* im-56.png in Resources */,
				0C3F30C711EAEC39004497A4 /* im-57.png in Resources */,
				0C3F30C811EAEC39004497A4 /* im-58.png in Resources */,
				0C3F30C911EAEC39004497A4 /* im-59.png in Resources */,
				0C3F30CA11EAEC39004497A4 /* im-60.png in Resources */,
				0C3F30CB11EAEC39004497A4 /* im-61.png in Resources */,
				0C3F30CC11EAEC39004497A4 /* im-62.png in Resources */,
				0C3F30CD11EAEC39004497A4 /* im-63.png in Resources */,
				0C3F30CE11EAEC39004497A4 /* im-64.png in Resources */,
				0C3F30CF11EAEC39004497A4 /* im-65.png in Resources */,
				0C3F30D011EAEC39004497A4 /* im-66.png in Resources */,
				0C3F30D111EAEC39004497A4 /* im-67.png in Resources */,
				0C3F30D211EAEC39004497A4 /* im-68.png in Resources */,
				0C3F30D311EAEC39004497A4 /* im-69.png in Resources */,
				0C3F30D411EAEC39004497A4 /* im-70.png in Resources */,
				0C3F30D511EAEC39004497A4 /* im-71.png in Resources */,
				0C3F30D611EAEC39004497A4 /* im-72.png in Resources */,
				0C3F30D711EAEC39004497A4 /* im-73.png in Resources */,
				0C3F30D811EAEC39004497A4 /* im-74.png in Resources */,
				0C3F30D911EAEC39004497A4 /* im-75.png in Resources */,
				0C3F30DA11EAEC39004497A4 /* im-76.png in Resources */,
				0C3F30DB11EAEC39004497A4 /* im-77.png in Resources */,
				0C3F30DC11EAEC39004497A4 /* im-78.png in Resources */,
				0C3F30DD11EAEC39004497A4 /* im-79.png in Resources */,
				0C3F30DE11EAEC39004497A4 /* im-80.png in Resources */,
				0C3F30DF11EAEC39004497A4 /* im-81.png in Resources */,
				0C3F30E011EAEC39004497A4 /* im-82.png in Resources */,
				0C3F30E111EAEC39004497A4 /* im-83.png in Resources */,
				0C3F30E211EAEC39004497A4 /* im-84.png in Resources */,
				0C3F30E311EAEC39004497A4 /* im-85.png in Resources */,
				0C3F30E411EAEC39004497A4 /* im-86.png in Resources */,
				0C3F30E511EAEC39004497A4 /* im-87.png in Resources */,
				0C3F30E611EAEC39004497A4 /* im-88.png in Resources */,
				0C3F30E711EAEC39004497A4 /* im-89.png in Resources */,
				0C3F30E811EAEC39004497A4 /* im-90.png in Resources */,
				0C3F30E911EAEC39004497A4 /* im-91.png in Resources */,
				0C3F30EA11EAEC39004497A4 /* im-92.png in Resources */,
				0C3F30EB11EAEC39004497A4 /* im-93.png in Resources */,
				0C3F30EC11EAEC39004497A4 /* im-94.png in Resources */,
				0C3F30ED11EAEC39004497A4 /* im-95.png in Resources */,
				0C3F30EE11EAEC39004497A4 /* im-96.png in Resources */,
				0C3F30EF11EAEC39004497A4 /* im-97.png in Resources */,
				0C3F30F011EAEC39004497A4 /* im-98.png in Resources */,
				0C3F30F111EAEC39004497A4 /* im-99.png in Resources */,
				0C3F30F211EAEC39004497A4 /* im-100.png in Resources */,
				0C3F30F311EAEC39004497A4 /* im-101.png in Resources */,
				0C3F30F411EAEC39004497A4 /* im-102.png in Resources */,
				0C3F30F511EAEC39004497A4 /* im-103.png in Resources */,
				0C3F30F611EAEC39004497A4 /* im-104.png in Resources */,
				0C3F30F711EAEC39004497A4 /* im-105.png in Resources */,
				0C3F30F811EAEC39004497A4 /* im-106.png in Resources */,
				0C3F30F911EAEC39004497A4 /* im-107.png in Resources */,
				0C3F30FA11EAEC39004497A4 /* im-108.png in Resources */,
				0C3F30FB11EAEC39004497A4 /* im-109.png in Resources */,
				0C3F30FC11EAEC39004497A4 /* im-110.png in Resources */,
				0C3F30FD11EAEC39004497A4 /* im-111.png in Resources */,
				0C3F30FE11EAEC39004497A4 /* im-112.png in Resources */,
				0C3F30FF11EAEC39004497A4 /* im-113.png in Resources */,
				0C3F310011EAEC39004497A4 /* im-114.png in Resources */,
				0C3F310111EAEC39004497A4 /* im-115.png in Resources */,
				0C3F310211EAEC39004497A4 /* im-116.png in Resources */,
				0C3F310311EAEC39004497A4 /* im-117.png in Resources */,
				0C3F310411EAEC39004497A4 /* im-118.png in Resources */,
				0C3F310511EAEC39004497A4 /* im-119.png in Resources */,
				0C3F310611EAEC39004497A4 /* im-120.png in Resources */,
				0C3F310711EAEC39004497A4 /* im-121.png in Resources */,
				0C3F310811EAEC39004497A4 /* im-122.png in Resources */,
				0C3F310911EAEC39004497A4 /* im-123.png in Resources */,
				0C3F310A11EAEC39004497A4 /* im-124.png in Resources */,
				0C3F310B11EAEC39004497A4 /* im-125.png in Resources */,
				0C3F310C11EAEC39004497A4 /* im-126.png in Resources */,
				0C3F310D11EAEC39004497A4 /* im-127.png in Resources */,
				0C3F310E11EAEC39004497A4 /* im-128.png in Resources */,
				0C3F310F11EAEC39004497A4 /* im-129.png in Resources */,
				0C3F311011EAEC39004497A4 /* im-130.png in Resources */,
				0C3F311111EAEC39004497A4 /* im-131.png in Resources */,
				0C3F311211EAEC39004497A4 /* im-132.png in Resources */,
				0C3F311311EAEC39004497A4 /* im-133.png in Resources */,
				0C3F311411EAEC39004497A4 /* im-134.png in Resources */,
				0C3F311511EAEC39004497A4 /* im-135.png in Resources */,
				0C3F311611EAEC39004497A4 /* im-136.png in Resources */,
				0C3F311711EAEC39004497A4 /* im-137.png in Resources */,
				0C3F311811EAEC39004497A4 /* im-138.png in Resources */,
				0C3F311911EAEC39004497A4 /* im-139.png in Resources */,
				0C3F311A11EAEC39004497A4 /* im-140.png in Resources */,
				0C3F311B11EAEC39004497A4 /* im-141.png in Resources */,
				0C3F311C11EAEC39004497A4 /* im-142.png in Resources */,
				0C3F311D11EAEC39004497A4 /* im-143.png in Resources */,
				0C3F311E11EAEC39004497A4 /* im-144.png in Resources */,
				0C3F311F11EAEC39004497A4 /* im-145.png in Resources */,
				0C3F312011EAEC39004497A4 /* im-146.png in Resources */,
				0C3F312111EAEC39004497A4 /* im-147.png in Resources */,
				0C3F312211EAEC39004497A4 /* im-148.png in Resources */,
				0C3F312311EAEC39004497A4 /* im-149.png in Resources */,
				0C3F312411EAEC39004497A4 /* im-150.png in Resources */,
				0C3F312511EAEC39004497A4 /* im-151.png in Resources */,
				0C3F312611EAEC39004497A4 /* im-152.png in Resources */,
				0C3F312711EAEC39004497A4 /* im-153.png in Resources */,
				0C3F312811EAEC39004497A4 /* im-154.png in Resources */,
				0C3F312911EAEC39004497A4 /* im-155.png in Resources */,
				0C3F312A11EAEC39004497A4 /* im-156.png in Resources */,
				0C3F312B11EAEC39004497A4 /* im-157.png in Resources */,
				0C3F312C11EAEC39004497A4 /* im-158.png in Resources */,
				0C3F312D11EAEC39004497A4 /* im-159.png in Resources */,
				0C3F312E11EAEC39004497A4 /* im-160.png in Resources */,
				0C3F312F11EAEC39004497A4 /* im-161.png in Resources */,
				0C3F313011EAEC39004497A4 /* im-162.png in Resources */,
				0C3F313111EAEC39004497A4 /* im-163.png in Resources */,
				0C3F313211EAEC39004497A4 /* im-164.png in Resources */,
				0C3F313311EAEC39004497A4 /* im-165.png in Resources */,
				0C3F313411EAEC39004497A4 /* im-166.png in Resources */,
				0C3F313511EAEC39004497A4 /* im-167.png in Resources */,
				0C3F313611EAEC39004497A4 /* im-168.png in Resources */,
			);
			runOnlyForDeploymentPostprocessing = 0;
		};
/* End PBXResourcesBuildPhase section */

/* Begin PBXSourcesBuildPhase section */
		1D60588E0D05DD3D006BFB54 /* Sources */ = {
			isa = PBXSourcesBuildPhase;
			buildActionMask = 2147483647;
			files = (
				1D60589B0D05DD56006BFB54 /* main.m in Sources */,
				1D3623260D0F684500981E51 /* ScrollViewAnimateAppDelegate.m in Sources */,
				0C3F313B11EAEC45004497A4 /* ScrollViewAnimateViewController.m in Sources */,
			);
			runOnlyForDeploymentPostprocessing = 0;
		};
/* End PBXSourcesBuildPhase section */

/* Begin XCBuildConfiguration section */
		1D6058940D05DD3E006BFB54 /* Debug */ = {
			isa = XCBuildConfiguration;
			buildSettings = {
				ALWAYS_SEARCH_USER_PATHS = NO;
				COPY_PHASE_STRIP = NO;
				GCC_DYNAMIC_NO_PIC = NO;
				GCC_OPTIMIZATION_LEVEL = 0;
				GCC_PRECOMPILE_PREFIX_HEADER = YES;
				GCC_PREFIX_HEADER = ScrollViewAnimate_Prefix.pch;
				INFOPLIST_FILE = "ScrollViewAnimate-Info.plist";
				PRODUCT_NAME = ScrollViewAnimate;
			};
			name = Debug;
		};
		1D6058950D05DD3E006BFB54 /* Release */ = {
			isa = XCBuildConfiguration;
			buildSettings = {
				ALWAYS_SEARCH_USER_PATHS = NO;
				COPY_PHASE_STRIP = YES;
				GCC_PRECOMPILE_PREFIX_HEADER = YES;
				GCC_PREFIX_HEADER = ScrollViewAnimate_Prefix.pch;
				INFOPLIST_FILE = "ScrollViewAnimate-Info.plist";
				PRODUCT_NAME = ScrollViewAnimate;
				VALIDATE_PRODUCT = YES;
			};
			name = Release;
		};
		C01FCF4F08A954540054247B /* Debug */ = {
			isa = XCBuildConfiguration;
			buildSettings = {
				ARCHS = "$(ARCHS_STANDARD_32_BIT)";
				"CODE_SIGN_IDENTITY[sdk=iphoneos*]" = "iPhone Developer";
				GCC_C_LANGUAGE_STANDARD = c99;
				GCC_WARN_ABOUT_RETURN_TYPE = YES;
				GCC_WARN_UNUSED_VARIABLE = YES;
				PREBINDING = NO;
				SDKROOT = iphoneos3.1.3;
			};
			name = Debug;
		};
		C01FCF5008A954540054247B /* Release */ = {
			isa = XCBuildConfiguration;
			buildSettings = {
				ARCHS = "$(ARCHS_STANDARD_32_BIT)";
				"CODE_SIGN_IDENTITY[sdk=iphoneos*]" = "iPhone Developer";
				GCC_C_LANGUAGE_STANDARD = c99;
				GCC_WARN_ABOUT_RETURN_TYPE = YES;
				GCC_WARN_UNUSED_VARIABLE = YES;
				OTHER_CFLAGS = "-DNS_BLOCK_ASSERTIONS=1";
				PREBINDING = NO;
				SDKROOT = iphoneos3.1.3;
			};
			name = Release;
		};
/* End XCBuildConfiguration section */

/* Begin XCConfigurationList section */
		1D6058960D05DD3E006BFB54 /* Build configuration list for PBXNativeTarget "ScrollViewAnimate" */ = {
			isa = XCConfigurationList;
			buildConfigurations = (
				1D6058940D05DD3E006BFB54 /* Debug */,
				1D6058950D05DD3E006BFB54 /* Release */,
			);
			defaultConfigurationIsVisible = 0;
			defaultConfigurationName = Release;
		};
		C01FCF4E08A954540054247B /* Build configuration list for PBXProject "ScrollViewAnimate" */ = {
			isa = XCConfigurationList;
			buildConfigurations = (
				C01FCF4F08A954540054247B /* Debug */,
				C01FCF5008A954540054247B /* Release */,
			);
			defaultConfigurationIsVisible = 0;
			defaultConfigurationName = Release;
		};
/* End XCConfigurationList section */
	};
	rootObject = 29B97313FDCFA39411CA2CEA /* Project object */;
}
